
Microsoft Visual Studio Solution File, Format Version 12.00
# Visual Studio Version 17
VisualStudioVersion = 17.12.35521.163
MinimumVisualStudioVersion = 10.0.40219.1
Project("{FAE04EC0-301F-11D3-BF4B-00C04F79EFBC}") = "HelloWorld", "HelloWorld\HelloWorld.csproj", "{0210EA98-EB8A-4868-AC59-B4DFC8FDDE11}"
EndProject
Project("{FAE04EC0-301F-11D3-BF4B-00C04F79EFBC}") = "HelloWorldExplicit", "HelloWorldExplicit\HelloWorldExplicit.csproj", "{BBFBABAC-9956-4062-A78F-A7C721FEB7EA}"
EndProject
Project("{FAE04EC0-301F-11D3-BF4B-00C04F79EFBC}") = "ProgramArguments", "ProgramArguments\ProgramArguments.csproj", "{6B503A4C-B5EB-434A-9361-C80268F8E46A}"
EndProject
Project("{FAE04EC0-301F-11D3-BF4B-00C04F79EFBC}") = "ProgramArgumentsExplicit", "ProgramArgumentsExplicit\ProgramArgumentsExplicit.csproj", "{36276FE1-FFAB-4444-9B18-22ED207A9945}"
EndProject
Project("{FAE04EC0-301F-11D3-BF4B-00C04F79EFBC}") = "ConsoleInput", "ConsoleInput\ConsoleInput.csproj", "{E98FA99C-B56F-4C87-91D1-EF55A470B2BF}"
EndProject
Project("{FAE04EC0-301F-11D3-BF4B-00C04F79EFBC}") = "ValueTypes", "ValueTypes\ValueTypes.csproj", "{13D77FF9-85FE-48FA-88D9-6947A28EBD49}"
EndProject
Project("{FAE04EC0-301F-11D3-BF4B-00C04F79EFBC}") = "TypeConversions", "TypeConversions\TypeConversions.csproj", "{C179CA34-23F1-48E0-ADDE-86104AB5B8C7}"
EndProject
Project("{FAE04EC0-301F-11D3-BF4B-00C04F79EFBC}") = "Strings", "Strings\Strings.csproj", "{348E9AD5-012F-4A94-B504-24027FE754D5}"
EndProject
Project("{FAE04EC0-301F-11D3-BF4B-00C04F79EFBC}") = "StringParsing", "StringParsing\StringParsing.csproj", "{9559B7E7-2D5C-4CE4-A3ED-16775D056CD7}"
EndProject
Project("{FAE04EC0-301F-11D3-BF4B-00C04F79EFBC}") = "DateTime", "DateTime\DateTime.csproj", "{39947C42-FEE8-4302-AC03-1853E20DC333}"
EndProject
Project("{FAE04EC0-301F-11D3-BF4B-00C04F79EFBC}") = "Operators", "Operators\Operators.csproj", "{8E80BC60-1DCF-402D-A060-3667AF1E84A2}"
EndProject
Project("{FAE04EC0-301F-11D3-BF4B-00C04F79EFBC}") = "Conditionals", "Conditionals\Conditionals.csproj", "{A822D7F6-56B5-4EFA-8CAB-FDF2ED5E34EA}"
EndProject
Project("{FAE04EC0-301F-11D3-BF4B-00C04F79EFBC}") = "SwitchStatements", "SwitchStatements\SwitchStatements.csproj", "{A1BED8EA-0006-468F-BFA2-E58EFA75C76A}"
EndProject
Project("{FAE04EC0-301F-11D3-BF4B-00C04F79EFBC}") = "IterationStatements", "IterationStatements\IterationStatements.csproj", "{7F77D695-125E-41BD-BF16-323BD1EEB473}"
EndProject
Project("{FAE04EC0-301F-11D3-BF4B-00C04F79EFBC}") = "ConditionalsAndLoops", "ConditionalsAndLoops\ConditionalsAndLoops.csproj", "{2634C899-CFEE-453F-AA3B-0B86056F2F92}"
EndProject
Project("{FAE04EC0-301F-11D3-BF4B-00C04F79EFBC}") = "BasicClass", "BasicClass\BasicClass.csproj", "{6FEA1EDA-1F0C-43DB-ABF8-6B1DF6E2F36D}"
EndProject
Project("{FAE04EC0-301F-11D3-BF4B-00C04F79EFBC}") = "Namespaces", "Namespaces\Namespaces.csproj", "{89DC0ABD-1192-4988-A12D-65C58AABBBE6}"
EndProject
Project("{FAE04EC0-301F-11D3-BF4B-00C04F79EFBC}") = "StaticMembers", "StaticMembers\StaticMembers.csproj", "{F206AC43-18B3-4ECA-AA5F-ED7F1CF2DDA7}"
EndProject
Project("{FAE04EC0-301F-11D3-BF4B-00C04F79EFBC}") = "Interfaces", "Interfaces\Interfaces.csproj", "{9A04F9B5-29FD-4905-A427-0621ACD144F9}"
EndProject
Project("{FAE04EC0-301F-11D3-BF4B-00C04F79EFBC}") = "MethodOverloading", "MethodOverloading\MethodOverloading.csproj", "{6B21A5DB-1434-4ABC-8D81-0966E7630C20}"
EndProject
Project("{FAE04EC0-301F-11D3-BF4B-00C04F79EFBC}") = "Inheritance", "Inheritance\Inheritance.csproj", "{5E33B1F2-F9F3-4800-827F-1FAB03261EC4}"
EndProject
Project("{FAE04EC0-301F-11D3-BF4B-00C04F79EFBC}") = "Polymorphism", "Polymorphism\Polymorphism.csproj", "{366782CE-095E-4457-A9E8-D07AA2A1DC2D}"
EndProject
Project("{FAE04EC0-301F-11D3-BF4B-00C04F79EFBC}") = "AdvancedVariableScopes", "AdvancedVariableScopes\AdvancedVariableScopes.csproj", "{C67EA262-8ED9-48E6-A871-0F4CF125850E}"
EndProject
Project("{FAE04EC0-301F-11D3-BF4B-00C04F79EFBC}") = "ImplicitTyping", "ImplicitTyping\ImplicitTyping.csproj", "{C281B8E3-93B8-4888-ACE3-B7A5DADCD0A4}"
EndProject
Project("{FAE04EC0-301F-11D3-BF4B-00C04F79EFBC}") = "Const", "Const\Const.csproj", "{9A947A5A-06B9-496E-9568-BF4BAAB70F4A}"
EndProject
Project("{FAE04EC0-301F-11D3-BF4B-00C04F79EFBC}") = "Enumerations", "Enumerations\Enumerations.csproj", "{9BD44598-527F-4F1D-819F-8F2451E3DE66}"
EndProject
Project("{FAE04EC0-301F-11D3-BF4B-00C04F79EFBC}") = "SwitchExpressions", "SwitchExpressions\SwitchExpressions.csproj", "{7FFAA979-FC6C-495A-88F4-0441C2FA0655}"
EndProject
Project("{FAE04EC0-301F-11D3-BF4B-00C04F79EFBC}") = "Structs", "Structs\Structs.csproj", "{933CB960-D049-47EF-9545-7E4D4A0E25D8}"
EndProject
Project("{FAE04EC0-301F-11D3-BF4B-00C04F79EFBC}") = "MethodArguments", "MethodArguments\MethodArguments.csproj", "{1461BEC1-B70A-45CD-AC5C-7778A6A54319}"
EndProject
Project("{FAE04EC0-301F-11D3-BF4B-00C04F79EFBC}") = "ExceptionHandling", "ExceptionHandling\ExceptionHandling.csproj", "{415E551C-49A7-4634-83DF-6BB44E8B8DB8}"
EndProject
Project("{FAE04EC0-301F-11D3-BF4B-00C04F79EFBC}") = "Arrays", "Arrays\Arrays.csproj", "{2517280F-71F1-40DE-BD93-F4C1DA06B3EB}"
EndProject
Project("{FAE04EC0-301F-11D3-BF4B-00C04F79EFBC}") = "ArrayList", "ArrayList\ArrayList.csproj", "{741E4B3E-B6AA-4547-94F1-DFC7A1B74DE2}"
EndProject
Project("{FAE04EC0-301F-11D3-BF4B-00C04F79EFBC}") = "List", "List\List.csproj", "{7F7B3E9B-C7BF-4284-ACED-E9375E67B689}"
EndProject
Project("{FAE04EC0-301F-11D3-BF4B-00C04F79EFBC}") = "Stack", "Stack\Stack.csproj", "{5F6BA9BC-0D9F-430E-B17B-CDFFFE1D93F1}"
EndProject
Project("{FAE04EC0-301F-11D3-BF4B-00C04F79EFBC}") = "Queue", "Queue\Queue.csproj", "{0FBEE9D8-28B4-423B-91B7-0F57C46D96CB}"
EndProject
Project("{FAE04EC0-301F-11D3-BF4B-00C04F79EFBC}") = "Dictionary", "Dictionary\Dictionary.csproj", "{FD7C0824-4215-4A1F-8F8A-5908C046FD15}"
EndProject
Project("{FAE04EC0-301F-11D3-BF4B-00C04F79EFBC}") = "NamedArguments", "NamedArguments\NamedArguments.csproj", "{1DC1C8B1-26C5-4C3C-AE56-4937517B9384}"
EndProject
Project("{FAE04EC0-301F-11D3-BF4B-00C04F79EFBC}") = "OptionalArguments", "OptionalArguments\OptionalArguments.csproj", "{B7725A5E-0046-4625-8235-671E4B0950DA}"
EndProject
Project("{FAE04EC0-301F-11D3-BF4B-00C04F79EFBC}") = "ExtensionMethods", "ExtensionMethods\ExtensionMethods.csproj", "{0B9636AD-8FE8-45A2-88D7-58894C991AD8}"
EndProject
Project("{FAE04EC0-301F-11D3-BF4B-00C04F79EFBC}") = "Generics", "Generics\Generics.csproj", "{16631CEE-2495-41BB-BED5-C7112266F626}"
EndProject
Project("{FAE04EC0-301F-11D3-BF4B-00C04F79EFBC}") = "ParamsKeyword", "ParamsKeyword\ParamsKeyword.csproj", "{2A7BB86D-FADA-484F-AF95-A60C75D7A050}"
EndProject
Project("{FAE04EC0-301F-11D3-BF4B-00C04F79EFBC}") = "NullableValueTypes", "NullableValueTypes\NullableValueTypes.csproj", "{9919E297-CB5F-4FD2-9E50-3458C1A4524D}"
EndProject
Project("{FAE04EC0-301F-11D3-BF4B-00C04F79EFBC}") = "NullableReferenceTypes", "NullableReferenceTypes\NullableReferenceTypes.csproj", "{D860A0B7-0CA2-4F89-BFCF-966DDED7955D}"
EndProject
Project("{FAE04EC0-301F-11D3-BF4B-00C04F79EFBC}") = "RecordTypes", "RecordTypes\RecordTypes.csproj", "{98504B29-1D96-4F4F-91B2-AED220CA08DE}"
EndProject
Project("{FAE04EC0-301F-11D3-BF4B-00C04F79EFBC}") = "ClassLibraries", "ClassLibraries\ClassLibraries.csproj", "{280A94AA-E0E1-4236-8454-BC6423F883AF}"
EndProject
Project("{FAE04EC0-301F-11D3-BF4B-00C04F79EFBC}") = "ClassLibraries.Lib", "ClassLibraries.Lib\ClassLibraries.Lib.csproj", "{DA59CC3B-5F7F-40FA-B521-2940378DA79A}"
EndProject
Project("{FAE04EC0-301F-11D3-BF4B-00C04F79EFBC}") = "CustomExceptionTypes", "CustomExceptionTypes\CustomExceptionTypes.csproj", "{C9081BC3-C7C4-43A2-AF40-6537D86DF5CB}"
EndProject
Project("{FAE04EC0-301F-11D3-BF4B-00C04F79EFBC}") = "AsyncAwait", "AsyncAwait\AsyncAwait.csproj", "{40ACF147-ACD8-42DE-A33C-9C8CCEB5B74A}"
EndProject
Project("{2150E333-8FDC-42A3-9474-1A3956D46DE8}") = "1_Basics", "1_Basics", "{7828D9F2-177C-4A7E-913A-B5DC8BE4B446}"
EndProject
Project("{2150E333-8FDC-42A3-9474-1A3956D46DE8}") = "2_OOP", "2_OOP", "{172F649D-BDC0-4C63-B2B8-CB44F9FF9556}"
EndProject
Project("{2150E333-8FDC-42A3-9474-1A3956D46DE8}") = "3_Intermediate", "3_Intermediate", "{A6380B8E-21D4-4E99-9CBF-75E3420214E6}"
EndProject
Project("{2150E333-8FDC-42A3-9474-1A3956D46DE8}") = "4_Arrays_and_Collections", "4_Arrays_and_Collections", "{E3E5919A-A4E5-4C23-BD16-2C7AE281BD9F}"
EndProject
Project("{2150E333-8FDC-42A3-9474-1A3956D46DE8}") = "5_Advanced", "5_Advanced", "{B73B3372-7799-42D1-B622-DDF07CEA4604}"
EndProject
Project("{FAE04EC0-301F-11D3-BF4B-00C04F79EFBC}") = "LinqIntroduction", "LinqIntroduction\LinqIntroduction.csproj", "{6A4CC6DB-8CAA-4C14-AD96-CFDC79E7B7EA}"
EndProject
Project("{FAE04EC0-301F-11D3-BF4B-00C04F79EFBC}") = "LinqOrdering", "LinqOrdering\LinqOrdering.csproj", "{C33B8DF9-7DB1-409F-A154-2523A873FD33}"
EndProject
Project("{2150E333-8FDC-42A3-9474-1A3956D46DE8}") = "6_LINQ", "6_LINQ", "{6F43F984-AB96-4CA4-8EC4-370FB9A2BDD5}"
EndProject
Project("{FAE04EC0-301F-11D3-BF4B-00C04F79EFBC}") = "LinqSelecting", "LinqSelecting\LinqSelecting.csproj", "{D5F53EF6-2DA6-4798-A54A-A9A7D3F433B3}"
EndProject
Project("{FAE04EC0-301F-11D3-BF4B-00C04F79EFBC}") = "LinqGrouping", "LinqGrouping\LinqGrouping.csproj", "{38F5F4F0-0129-48B0-A8A9-B74030338055}"
EndProject
Project("{FAE04EC0-301F-11D3-BF4B-00C04F79EFBC}") = "LinqQuerySyntax", "LinqQuerySyntax\LinqQuerySyntax.csproj", "{AA023E81-411D-4FF8-BFB9-72D0EA7D4CA2}"
EndProject
Project("{FAE04EC0-301F-11D3-BF4B-00C04F79EFBC}") = "LinqExercise", "LinqExercise\LinqExercise.csproj", "{623D3D06-AB3D-4AA8-A1C0-AFE01A44E87D}"
EndProject
Project("{2150E333-8FDC-42A3-9474-1A3956D46DE8}") = "7_Unit_Tests", "7_Unit_Tests", "{E0350E00-3B16-4C7F-A043-FE4911DC7A5B}"
EndProject
Project("{FAE04EC0-301F-11D3-BF4B-00C04F79EFBC}") = "UnitTests", "UnitTests\UnitTests.csproj", "{8C2A798B-0ABD-4BBB-8812-F3759B0729DE}"
EndProject
Project("{2150E333-8FDC-42A3-9474-1A3956D46DE8}") = "8_ASP_.NET_Core", "8_ASP_.NET_Core", "{FA0540C9-D057-42FB-BC78-D8837532455E}"
EndProject
Project("{FAE04EC0-301F-11D3-BF4B-00C04F79EFBC}") = "DependencyInjection", "DependencyInjection\DependencyInjection.csproj", "{AF98AA18-4852-49BF-A04E-86218521530A}"
EndProject
Project("{FAE04EC0-301F-11D3-BF4B-00C04F79EFBC}") = "Middleware", "Middleware\Middleware.csproj", "{798DA73A-967E-4975-9C33-67A010A8FD09}"
EndProject
Project("{FAE04EC0-301F-11D3-BF4B-00C04F79EFBC}") = "Configuration", "Configuration\Configuration.csproj", "{EF819C75-B36E-41DD-A96F-1788FF40F626}"
EndProject
Project("{FAE04EC0-301F-11D3-BF4B-00C04F79EFBC}") = "Environments", "Environments\Environments.csproj", "{A8C17857-A6E2-41E9-9DD4-853B3DE59A44}"
EndProject
Project("{FAE04EC0-301F-11D3-BF4B-00C04F79EFBC}") = "Logging", "Logging\Logging.csproj", "{A02C6731-C058-436E-AFE6-D2EBDE57204E}"
EndProject
Project("{FAE04EC0-301F-11D3-BF4B-00C04F79EFBC}") = "HealthChecks", "HealthChecks\HealthChecks.csproj", "{A7601CB7-66AD-4A51-A8A1-3C63330BB783}"
EndProject
Project("{FAE04EC0-301F-11D3-BF4B-00C04F79EFBC}") = "HttpContext", "HttpContext\HttpContext.csproj", "{52F5C98E-9DE7-4C85-A19B-8FA7714F56B6}"
EndProject
Project("{FAE04EC0-301F-11D3-BF4B-00C04F79EFBC}") = "Routing", "Routing\Routing.csproj", "{9B1AC3DA-A1E2-4ABD-A561-FBBEC3B98A77}"
EndProject
Project("{FAE04EC0-301F-11D3-BF4B-00C04F79EFBC}") = "StaticFiles", "StaticFiles\StaticFiles.csproj", "{F4AC4258-4B68-4237-AA1D-75653F426B90}"
EndProject
Project("{FAE04EC0-301F-11D3-BF4B-00C04F79EFBC}") = "DirectoryBrowsing", "DirectoryBrowsing\DirectoryBrowsing.csproj", "{1D9A1F97-03C9-439E-9235-D9EF09AF9228}"
EndProject
Project("{FAE04EC0-301F-11D3-BF4B-00C04F79EFBC}") = "DefaultDocuments", "DefaultDocuments\DefaultDocuments.csproj", "{2C3E8A8C-E082-4BDD-909D-3872F998F3C3}"
EndProject
Project("{FAE04EC0-301F-11D3-BF4B-00C04F79EFBC}") = "ErrorHandling", "ErrorHandling\ErrorHandling.csproj", "{3BB9C561-8947-4A99-BFFA-379F3F110CDC}"
EndProject
Project("{FAE04EC0-301F-11D3-BF4B-00C04F79EFBC}") = "HttpClient", "HttpClient\HttpClient.csproj", "{A84583C6-3318-4AEA-9118-5179A64B65BC}"
EndProject
Project("{FAE04EC0-301F-11D3-BF4B-00C04F79EFBC}") = "ContentAndWebRoot", "ContentAndWebRoot\ContentAndWebRoot.csproj", "{68ED2242-4732-4E82-AE70-7D0C32DBE36F}"
EndProject
Global
	GlobalSection(SolutionConfigurationPlatforms) = preSolution
		Debug|Any CPU = Debug|Any CPU
		Release|Any CPU = Release|Any CPU
	EndGlobalSection
	GlobalSection(ProjectConfigurationPlatforms) = postSolution
		{0210EA98-EB8A-4868-AC59-B4DFC8FDDE11}.Debug|Any CPU.ActiveCfg = Debug|Any CPU
		{0210EA98-EB8A-4868-AC59-B4DFC8FDDE11}.Debug|Any CPU.Build.0 = Debug|Any CPU
		{0210EA98-EB8A-4868-AC59-B4DFC8FDDE11}.Release|Any CPU.ActiveCfg = Release|Any CPU
		{0210EA98-EB8A-4868-AC59-B4DFC8FDDE11}.Release|Any CPU.Build.0 = Release|Any CPU
		{BBFBABAC-9956-4062-A78F-A7C721FEB7EA}.Debug|Any CPU.ActiveCfg = Debug|Any CPU
		{BBFBABAC-9956-4062-A78F-A7C721FEB7EA}.Debug|Any CPU.Build.0 = Debug|Any CPU
		{BBFBABAC-9956-4062-A78F-A7C721FEB7EA}.Release|Any CPU.ActiveCfg = Release|Any CPU
		{BBFBABAC-9956-4062-A78F-A7C721FEB7EA}.Release|Any CPU.Build.0 = Release|Any CPU
		{6B503A4C-B5EB-434A-9361-C80268F8E46A}.Debug|Any CPU.ActiveCfg = Debug|Any CPU
		{6B503A4C-B5EB-434A-9361-C80268F8E46A}.Debug|Any CPU.Build.0 = Debug|Any CPU
		{6B503A4C-B5EB-434A-9361-C80268F8E46A}.Release|Any CPU.ActiveCfg = Release|Any CPU
		{6B503A4C-B5EB-434A-9361-C80268F8E46A}.Release|Any CPU.Build.0 = Release|Any CPU
		{36276FE1-FFAB-4444-9B18-22ED207A9945}.Debug|Any CPU.ActiveCfg = Debug|Any CPU
		{36276FE1-FFAB-4444-9B18-22ED207A9945}.Debug|Any CPU.Build.0 = Debug|Any CPU
		{36276FE1-FFAB-4444-9B18-22ED207A9945}.Release|Any CPU.ActiveCfg = Release|Any CPU
		{36276FE1-FFAB-4444-9B18-22ED207A9945}.Release|Any CPU.Build.0 = Release|Any CPU
		{E98FA99C-B56F-4C87-91D1-EF55A470B2BF}.Debug|Any CPU.ActiveCfg = Debug|Any CPU
		{E98FA99C-B56F-4C87-91D1-EF55A470B2BF}.Debug|Any CPU.Build.0 = Debug|Any CPU
		{E98FA99C-B56F-4C87-91D1-EF55A470B2BF}.Release|Any CPU.ActiveCfg = Release|Any CPU
		{E98FA99C-B56F-4C87-91D1-EF55A470B2BF}.Release|Any CPU.Build.0 = Release|Any CPU
		{13D77FF9-85FE-48FA-88D9-6947A28EBD49}.Debug|Any CPU.ActiveCfg = Debug|Any CPU
		{13D77FF9-85FE-48FA-88D9-6947A28EBD49}.Debug|Any CPU.Build.0 = Debug|Any CPU
		{13D77FF9-85FE-48FA-88D9-6947A28EBD49}.Release|Any CPU.ActiveCfg = Release|Any CPU
		{13D77FF9-85FE-48FA-88D9-6947A28EBD49}.Release|Any CPU.Build.0 = Release|Any CPU
		{C179CA34-23F1-48E0-ADDE-86104AB5B8C7}.Debug|Any CPU.ActiveCfg = Debug|Any CPU
		{C179CA34-23F1-48E0-ADDE-86104AB5B8C7}.Debug|Any CPU.Build.0 = Debug|Any CPU
		{C179CA34-23F1-48E0-ADDE-86104AB5B8C7}.Release|Any CPU.ActiveCfg = Release|Any CPU
		{C179CA34-23F1-48E0-ADDE-86104AB5B8C7}.Release|Any CPU.Build.0 = Release|Any CPU
		{348E9AD5-012F-4A94-B504-24027FE754D5}.Debug|Any CPU.ActiveCfg = Debug|Any CPU
		{348E9AD5-012F-4A94-B504-24027FE754D5}.Debug|Any CPU.Build.0 = Debug|Any CPU
		{348E9AD5-012F-4A94-B504-24027FE754D5}.Release|Any CPU.ActiveCfg = Release|Any CPU
		{348E9AD5-012F-4A94-B504-24027FE754D5}.Release|Any CPU.Build.0 = Release|Any CPU
		{9559B7E7-2D5C-4CE4-A3ED-16775D056CD7}.Debug|Any CPU.ActiveCfg = Debug|Any CPU
		{9559B7E7-2D5C-4CE4-A3ED-16775D056CD7}.Debug|Any CPU.Build.0 = Debug|Any CPU
		{9559B7E7-2D5C-4CE4-A3ED-16775D056CD7}.Release|Any CPU.ActiveCfg = Release|Any CPU
		{9559B7E7-2D5C-4CE4-A3ED-16775D056CD7}.Release|Any CPU.Build.0 = Release|Any CPU
		{39947C42-FEE8-4302-AC03-1853E20DC333}.Debug|Any CPU.ActiveCfg = Debug|Any CPU
		{39947C42-FEE8-4302-AC03-1853E20DC333}.Debug|Any CPU.Build.0 = Debug|Any CPU
		{39947C42-FEE8-4302-AC03-1853E20DC333}.Release|Any CPU.ActiveCfg = Release|Any CPU
		{39947C42-FEE8-4302-AC03-1853E20DC333}.Release|Any CPU.Build.0 = Release|Any CPU
		{8E80BC60-1DCF-402D-A060-3667AF1E84A2}.Debug|Any CPU.ActiveCfg = Debug|Any CPU
		{8E80BC60-1DCF-402D-A060-3667AF1E84A2}.Debug|Any CPU.Build.0 = Debug|Any CPU
		{8E80BC60-1DCF-402D-A060-3667AF1E84A2}.Release|Any CPU.ActiveCfg = Release|Any CPU
		{8E80BC60-1DCF-402D-A060-3667AF1E84A2}.Release|Any CPU.Build.0 = Release|Any CPU
		{A822D7F6-56B5-4EFA-8CAB-FDF2ED5E34EA}.Debug|Any CPU.ActiveCfg = Debug|Any CPU
		{A822D7F6-56B5-4EFA-8CAB-FDF2ED5E34EA}.Debug|Any CPU.Build.0 = Debug|Any CPU
		{A822D7F6-56B5-4EFA-8CAB-FDF2ED5E34EA}.Release|Any CPU.ActiveCfg = Release|Any CPU
		{A822D7F6-56B5-4EFA-8CAB-FDF2ED5E34EA}.Release|Any CPU.Build.0 = Release|Any CPU
		{A1BED8EA-0006-468F-BFA2-E58EFA75C76A}.Debug|Any CPU.ActiveCfg = Debug|Any CPU
		{A1BED8EA-0006-468F-BFA2-E58EFA75C76A}.Debug|Any CPU.Build.0 = Debug|Any CPU
		{A1BED8EA-0006-468F-BFA2-E58EFA75C76A}.Release|Any CPU.ActiveCfg = Release|Any CPU
		{A1BED8EA-0006-468F-BFA2-E58EFA75C76A}.Release|Any CPU.Build.0 = Release|Any CPU
		{7F77D695-125E-41BD-BF16-323BD1EEB473}.Debug|Any CPU.ActiveCfg = Debug|Any CPU
		{7F77D695-125E-41BD-BF16-323BD1EEB473}.Debug|Any CPU.Build.0 = Debug|Any CPU
		{7F77D695-125E-41BD-BF16-323BD1EEB473}.Release|Any CPU.ActiveCfg = Release|Any CPU
		{7F77D695-125E-41BD-BF16-323BD1EEB473}.Release|Any CPU.Build.0 = Release|Any CPU
		{2634C899-CFEE-453F-AA3B-0B86056F2F92}.Debug|Any CPU.ActiveCfg = Debug|Any CPU
		{2634C899-CFEE-453F-AA3B-0B86056F2F92}.Debug|Any CPU.Build.0 = Debug|Any CPU
		{2634C899-CFEE-453F-AA3B-0B86056F2F92}.Release|Any CPU.ActiveCfg = Release|Any CPU
		{2634C899-CFEE-453F-AA3B-0B86056F2F92}.Release|Any CPU.Build.0 = Release|Any CPU
		{6FEA1EDA-1F0C-43DB-ABF8-6B1DF6E2F36D}.Debug|Any CPU.ActiveCfg = Debug|Any CPU
		{6FEA1EDA-1F0C-43DB-ABF8-6B1DF6E2F36D}.Debug|Any CPU.Build.0 = Debug|Any CPU
		{6FEA1EDA-1F0C-43DB-ABF8-6B1DF6E2F36D}.Release|Any CPU.ActiveCfg = Release|Any CPU
		{6FEA1EDA-1F0C-43DB-ABF8-6B1DF6E2F36D}.Release|Any CPU.Build.0 = Release|Any CPU
		{89DC0ABD-1192-4988-A12D-65C58AABBBE6}.Debug|Any CPU.ActiveCfg = Debug|Any CPU
		{89DC0ABD-1192-4988-A12D-65C58AABBBE6}.Debug|Any CPU.Build.0 = Debug|Any CPU
		{89DC0ABD-1192-4988-A12D-65C58AABBBE6}.Release|Any CPU.ActiveCfg = Release|Any CPU
		{89DC0ABD-1192-4988-A12D-65C58AABBBE6}.Release|Any CPU.Build.0 = Release|Any CPU
		{F206AC43-18B3-4ECA-AA5F-ED7F1CF2DDA7}.Debug|Any CPU.ActiveCfg = Debug|Any CPU
		{F206AC43-18B3-4ECA-AA5F-ED7F1CF2DDA7}.Debug|Any CPU.Build.0 = Debug|Any CPU
		{F206AC43-18B3-4ECA-AA5F-ED7F1CF2DDA7}.Release|Any CPU.ActiveCfg = Release|Any CPU
		{F206AC43-18B3-4ECA-AA5F-ED7F1CF2DDA7}.Release|Any CPU.Build.0 = Release|Any CPU
		{9A04F9B5-29FD-4905-A427-0621ACD144F9}.Debug|Any CPU.ActiveCfg = Debug|Any CPU
		{9A04F9B5-29FD-4905-A427-0621ACD144F9}.Debug|Any CPU.Build.0 = Debug|Any CPU
		{9A04F9B5-29FD-4905-A427-0621ACD144F9}.Release|Any CPU.ActiveCfg = Release|Any CPU
		{9A04F9B5-29FD-4905-A427-0621ACD144F9}.Release|Any CPU.Build.0 = Release|Any CPU
		{6B21A5DB-1434-4ABC-8D81-0966E7630C20}.Debug|Any CPU.ActiveCfg = Debug|Any CPU
		{6B21A5DB-1434-4ABC-8D81-0966E7630C20}.Debug|Any CPU.Build.0 = Debug|Any CPU
		{6B21A5DB-1434-4ABC-8D81-0966E7630C20}.Release|Any CPU.ActiveCfg = Release|Any CPU
		{6B21A5DB-1434-4ABC-8D81-0966E7630C20}.Release|Any CPU.Build.0 = Release|Any CPU
		{5E33B1F2-F9F3-4800-827F-1FAB03261EC4}.Debug|Any CPU.ActiveCfg = Debug|Any CPU
		{5E33B1F2-F9F3-4800-827F-1FAB03261EC4}.Debug|Any CPU.Build.0 = Debug|Any CPU
		{5E33B1F2-F9F3-4800-827F-1FAB03261EC4}.Release|Any CPU.ActiveCfg = Release|Any CPU
		{5E33B1F2-F9F3-4800-827F-1FAB03261EC4}.Release|Any CPU.Build.0 = Release|Any CPU
		{366782CE-095E-4457-A9E8-D07AA2A1DC2D}.Debug|Any CPU.ActiveCfg = Debug|Any CPU
		{366782CE-095E-4457-A9E8-D07AA2A1DC2D}.Debug|Any CPU.Build.0 = Debug|Any CPU
		{366782CE-095E-4457-A9E8-D07AA2A1DC2D}.Release|Any CPU.ActiveCfg = Release|Any CPU
		{366782CE-095E-4457-A9E8-D07AA2A1DC2D}.Release|Any CPU.Build.0 = Release|Any CPU
		{C67EA262-8ED9-48E6-A871-0F4CF125850E}.Debug|Any CPU.ActiveCfg = Debug|Any CPU
		{C67EA262-8ED9-48E6-A871-0F4CF125850E}.Debug|Any CPU.Build.0 = Debug|Any CPU
		{C67EA262-8ED9-48E6-A871-0F4CF125850E}.Release|Any CPU.ActiveCfg = Release|Any CPU
		{C67EA262-8ED9-48E6-A871-0F4CF125850E}.Release|Any CPU.Build.0 = Release|Any CPU
		{C281B8E3-93B8-4888-ACE3-B7A5DADCD0A4}.Debug|Any CPU.ActiveCfg = Debug|Any CPU
		{C281B8E3-93B8-4888-ACE3-B7A5DADCD0A4}.Debug|Any CPU.Build.0 = Debug|Any CPU
		{C281B8E3-93B8-4888-ACE3-B7A5DADCD0A4}.Release|Any CPU.ActiveCfg = Release|Any CPU
		{C281B8E3-93B8-4888-ACE3-B7A5DADCD0A4}.Release|Any CPU.Build.0 = Release|Any CPU
		{9A947A5A-06B9-496E-9568-BF4BAAB70F4A}.Debug|Any CPU.ActiveCfg = Debug|Any CPU
		{9A947A5A-06B9-496E-9568-BF4BAAB70F4A}.Debug|Any CPU.Build.0 = Debug|Any CPU
		{9A947A5A-06B9-496E-9568-BF4BAAB70F4A}.Release|Any CPU.ActiveCfg = Release|Any CPU
		{9A947A5A-06B9-496E-9568-BF4BAAB70F4A}.Release|Any CPU.Build.0 = Release|Any CPU
		{9BD44598-527F-4F1D-819F-8F2451E3DE66}.Debug|Any CPU.ActiveCfg = Debug|Any CPU
		{9BD44598-527F-4F1D-819F-8F2451E3DE66}.Debug|Any CPU.Build.0 = Debug|Any CPU
		{9BD44598-527F-4F1D-819F-8F2451E3DE66}.Release|Any CPU.ActiveCfg = Release|Any CPU
		{9BD44598-527F-4F1D-819F-8F2451E3DE66}.Release|Any CPU.Build.0 = Release|Any CPU
		{7FFAA979-FC6C-495A-88F4-0441C2FA0655}.Debug|Any CPU.ActiveCfg = Debug|Any CPU
		{7FFAA979-FC6C-495A-88F4-0441C2FA0655}.Debug|Any CPU.Build.0 = Debug|Any CPU
		{7FFAA979-FC6C-495A-88F4-0441C2FA0655}.Release|Any CPU.ActiveCfg = Release|Any CPU
		{7FFAA979-FC6C-495A-88F4-0441C2FA0655}.Release|Any CPU.Build.0 = Release|Any CPU
		{933CB960-D049-47EF-9545-7E4D4A0E25D8}.Debug|Any CPU.ActiveCfg = Debug|Any CPU
		{933CB960-D049-47EF-9545-7E4D4A0E25D8}.Debug|Any CPU.Build.0 = Debug|Any CPU
		{933CB960-D049-47EF-9545-7E4D4A0E25D8}.Release|Any CPU.ActiveCfg = Release|Any CPU
		{933CB960-D049-47EF-9545-7E4D4A0E25D8}.Release|Any CPU.Build.0 = Release|Any CPU
		{1461BEC1-B70A-45CD-AC5C-7778A6A54319}.Debug|Any CPU.ActiveCfg = Debug|Any CPU
		{1461BEC1-B70A-45CD-AC5C-7778A6A54319}.Debug|Any CPU.Build.0 = Debug|Any CPU
		{1461BEC1-B70A-45CD-AC5C-7778A6A54319}.Release|Any CPU.ActiveCfg = Release|Any CPU
		{1461BEC1-B70A-45CD-AC5C-7778A6A54319}.Release|Any CPU.Build.0 = Release|Any CPU
		{415E551C-49A7-4634-83DF-6BB44E8B8DB8}.Debug|Any CPU.ActiveCfg = Debug|Any CPU
		{415E551C-49A7-4634-83DF-6BB44E8B8DB8}.Debug|Any CPU.Build.0 = Debug|Any CPU
		{415E551C-49A7-4634-83DF-6BB44E8B8DB8}.Release|Any CPU.ActiveCfg = Release|Any CPU
		{415E551C-49A7-4634-83DF-6BB44E8B8DB8}.Release|Any CPU.Build.0 = Release|Any CPU
		{2517280F-71F1-40DE-BD93-F4C1DA06B3EB}.Debug|Any CPU.ActiveCfg = Debug|Any CPU
		{2517280F-71F1-40DE-BD93-F4C1DA06B3EB}.Debug|Any CPU.Build.0 = Debug|Any CPU
		{2517280F-71F1-40DE-BD93-F4C1DA06B3EB}.Release|Any CPU.ActiveCfg = Release|Any CPU
		{2517280F-71F1-40DE-BD93-F4C1DA06B3EB}.Release|Any CPU.Build.0 = Release|Any CPU
		{741E4B3E-B6AA-4547-94F1-DFC7A1B74DE2}.Debug|Any CPU.ActiveCfg = Debug|Any CPU
		{741E4B3E-B6AA-4547-94F1-DFC7A1B74DE2}.Debug|Any CPU.Build.0 = Debug|Any CPU
		{741E4B3E-B6AA-4547-94F1-DFC7A1B74DE2}.Release|Any CPU.ActiveCfg = Release|Any CPU
		{741E4B3E-B6AA-4547-94F1-DFC7A1B74DE2}.Release|Any CPU.Build.0 = Release|Any CPU
		{7F7B3E9B-C7BF-4284-ACED-E9375E67B689}.Debug|Any CPU.ActiveCfg = Debug|Any CPU
		{7F7B3E9B-C7BF-4284-ACED-E9375E67B689}.Debug|Any CPU.Build.0 = Debug|Any CPU
		{7F7B3E9B-C7BF-4284-ACED-E9375E67B689}.Release|Any CPU.ActiveCfg = Release|Any CPU
		{7F7B3E9B-C7BF-4284-ACED-E9375E67B689}.Release|Any CPU.Build.0 = Release|Any CPU
		{5F6BA9BC-0D9F-430E-B17B-CDFFFE1D93F1}.Debug|Any CPU.ActiveCfg = Debug|Any CPU
		{5F6BA9BC-0D9F-430E-B17B-CDFFFE1D93F1}.Debug|Any CPU.Build.0 = Debug|Any CPU
		{5F6BA9BC-0D9F-430E-B17B-CDFFFE1D93F1}.Release|Any CPU.ActiveCfg = Release|Any CPU
		{5F6BA9BC-0D9F-430E-B17B-CDFFFE1D93F1}.Release|Any CPU.Build.0 = Release|Any CPU
		{0FBEE9D8-28B4-423B-91B7-0F57C46D96CB}.Debug|Any CPU.ActiveCfg = Debug|Any CPU
		{0FBEE9D8-28B4-423B-91B7-0F57C46D96CB}.Debug|Any CPU.Build.0 = Debug|Any CPU
		{0FBEE9D8-28B4-423B-91B7-0F57C46D96CB}.Release|Any CPU.ActiveCfg = Release|Any CPU
		{0FBEE9D8-28B4-423B-91B7-0F57C46D96CB}.Release|Any CPU.Build.0 = Release|Any CPU
		{FD7C0824-4215-4A1F-8F8A-5908C046FD15}.Debug|Any CPU.ActiveCfg = Debug|Any CPU
		{FD7C0824-4215-4A1F-8F8A-5908C046FD15}.Debug|Any CPU.Build.0 = Debug|Any CPU
		{FD7C0824-4215-4A1F-8F8A-5908C046FD15}.Release|Any CPU.ActiveCfg = Release|Any CPU
		{FD7C0824-4215-4A1F-8F8A-5908C046FD15}.Release|Any CPU.Build.0 = Release|Any CPU
		{1DC1C8B1-26C5-4C3C-AE56-4937517B9384}.Debug|Any CPU.ActiveCfg = Debug|Any CPU
		{1DC1C8B1-26C5-4C3C-AE56-4937517B9384}.Debug|Any CPU.Build.0 = Debug|Any CPU
		{1DC1C8B1-26C5-4C3C-AE56-4937517B9384}.Release|Any CPU.ActiveCfg = Release|Any CPU
		{1DC1C8B1-26C5-4C3C-AE56-4937517B9384}.Release|Any CPU.Build.0 = Release|Any CPU
		{B7725A5E-0046-4625-8235-671E4B0950DA}.Debug|Any CPU.ActiveCfg = Debug|Any CPU
		{B7725A5E-0046-4625-8235-671E4B0950DA}.Debug|Any CPU.Build.0 = Debug|Any CPU
		{B7725A5E-0046-4625-8235-671E4B0950DA}.Release|Any CPU.ActiveCfg = Release|Any CPU
		{B7725A5E-0046-4625-8235-671E4B0950DA}.Release|Any CPU.Build.0 = Release|Any CPU
		{0B9636AD-8FE8-45A2-88D7-58894C991AD8}.Debug|Any CPU.ActiveCfg = Debug|Any CPU
		{0B9636AD-8FE8-45A2-88D7-58894C991AD8}.Debug|Any CPU.Build.0 = Debug|Any CPU
		{0B9636AD-8FE8-45A2-88D7-58894C991AD8}.Release|Any CPU.ActiveCfg = Release|Any CPU
		{0B9636AD-8FE8-45A2-88D7-58894C991AD8}.Release|Any CPU.Build.0 = Release|Any CPU
		{16631CEE-2495-41BB-BED5-C7112266F626}.Debug|Any CPU.ActiveCfg = Debug|Any CPU
		{16631CEE-2495-41BB-BED5-C7112266F626}.Debug|Any CPU.Build.0 = Debug|Any CPU
		{16631CEE-2495-41BB-BED5-C7112266F626}.Release|Any CPU.ActiveCfg = Release|Any CPU
		{16631CEE-2495-41BB-BED5-C7112266F626}.Release|Any CPU.Build.0 = Release|Any CPU
		{2A7BB86D-FADA-484F-AF95-A60C75D7A050}.Debug|Any CPU.ActiveCfg = Debug|Any CPU
		{2A7BB86D-FADA-484F-AF95-A60C75D7A050}.Debug|Any CPU.Build.0 = Debug|Any CPU
		{2A7BB86D-FADA-484F-AF95-A60C75D7A050}.Release|Any CPU.ActiveCfg = Release|Any CPU
		{2A7BB86D-FADA-484F-AF95-A60C75D7A050}.Release|Any CPU.Build.0 = Release|Any CPU
		{9919E297-CB5F-4FD2-9E50-3458C1A4524D}.Debug|Any CPU.ActiveCfg = Debug|Any CPU
		{9919E297-CB5F-4FD2-9E50-3458C1A4524D}.Debug|Any CPU.Build.0 = Debug|Any CPU
		{9919E297-CB5F-4FD2-9E50-3458C1A4524D}.Release|Any CPU.ActiveCfg = Release|Any CPU
		{9919E297-CB5F-4FD2-9E50-3458C1A4524D}.Release|Any CPU.Build.0 = Release|Any CPU
		{D860A0B7-0CA2-4F89-BFCF-966DDED7955D}.Debug|Any CPU.ActiveCfg = Debug|Any CPU
		{D860A0B7-0CA2-4F89-BFCF-966DDED7955D}.Debug|Any CPU.Build.0 = Debug|Any CPU
		{D860A0B7-0CA2-4F89-BFCF-966DDED7955D}.Release|Any CPU.ActiveCfg = Release|Any CPU
		{D860A0B7-0CA2-4F89-BFCF-966DDED7955D}.Release|Any CPU.Build.0 = Release|Any CPU
		{98504B29-1D96-4F4F-91B2-AED220CA08DE}.Debug|Any CPU.ActiveCfg = Debug|Any CPU
		{98504B29-1D96-4F4F-91B2-AED220CA08DE}.Debug|Any CPU.Build.0 = Debug|Any CPU
		{98504B29-1D96-4F4F-91B2-AED220CA08DE}.Release|Any CPU.ActiveCfg = Release|Any CPU
		{98504B29-1D96-4F4F-91B2-AED220CA08DE}.Release|Any CPU.Build.0 = Release|Any CPU
		{280A94AA-E0E1-4236-8454-BC6423F883AF}.Debug|Any CPU.ActiveCfg = Debug|Any CPU
		{280A94AA-E0E1-4236-8454-BC6423F883AF}.Debug|Any CPU.Build.0 = Debug|Any CPU
		{280A94AA-E0E1-4236-8454-BC6423F883AF}.Release|Any CPU.ActiveCfg = Release|Any CPU
		{280A94AA-E0E1-4236-8454-BC6423F883AF}.Release|Any CPU.Build.0 = Release|Any CPU
		{DA59CC3B-5F7F-40FA-B521-2940378DA79A}.Debug|Any CPU.ActiveCfg = Debug|Any CPU
		{DA59CC3B-5F7F-40FA-B521-2940378DA79A}.Debug|Any CPU.Build.0 = Debug|Any CPU
		{DA59CC3B-5F7F-40FA-B521-2940378DA79A}.Release|Any CPU.ActiveCfg = Release|Any CPU
		{DA59CC3B-5F7F-40FA-B521-2940378DA79A}.Release|Any CPU.Build.0 = Release|Any CPU
		{C9081BC3-C7C4-43A2-AF40-6537D86DF5CB}.Debug|Any CPU.ActiveCfg = Debug|Any CPU
		{C9081BC3-C7C4-43A2-AF40-6537D86DF5CB}.Debug|Any CPU.Build.0 = Debug|Any CPU
		{C9081BC3-C7C4-43A2-AF40-6537D86DF5CB}.Release|Any CPU.ActiveCfg = Release|Any CPU
		{C9081BC3-C7C4-43A2-AF40-6537D86DF5CB}.Release|Any CPU.Build.0 = Release|Any CPU
		{40ACF147-ACD8-42DE-A33C-9C8CCEB5B74A}.Debug|Any CPU.ActiveCfg = Debug|Any CPU
		{40ACF147-ACD8-42DE-A33C-9C8CCEB5B74A}.Debug|Any CPU.Build.0 = Debug|Any CPU
		{40ACF147-ACD8-42DE-A33C-9C8CCEB5B74A}.Release|Any CPU.ActiveCfg = Release|Any CPU
		{40ACF147-ACD8-42DE-A33C-9C8CCEB5B74A}.Release|Any CPU.Build.0 = Release|Any CPU
		{6A4CC6DB-8CAA-4C14-AD96-CFDC79E7B7EA}.Debug|Any CPU.ActiveCfg = Debug|Any CPU
		{6A4CC6DB-8CAA-4C14-AD96-CFDC79E7B7EA}.Debug|Any CPU.Build.0 = Debug|Any CPU
		{6A4CC6DB-8CAA-4C14-AD96-CFDC79E7B7EA}.Release|Any CPU.ActiveCfg = Release|Any CPU
		{6A4CC6DB-8CAA-4C14-AD96-CFDC79E7B7EA}.Release|Any CPU.Build.0 = Release|Any CPU
		{C33B8DF9-7DB1-409F-A154-2523A873FD33}.Debug|Any CPU.ActiveCfg = Debug|Any CPU
		{C33B8DF9-7DB1-409F-A154-2523A873FD33}.Debug|Any CPU.Build.0 = Debug|Any CPU
		{C33B8DF9-7DB1-409F-A154-2523A873FD33}.Release|Any CPU.ActiveCfg = Release|Any CPU
		{C33B8DF9-7DB1-409F-A154-2523A873FD33}.Release|Any CPU.Build.0 = Release|Any CPU
		{D5F53EF6-2DA6-4798-A54A-A9A7D3F433B3}.Debug|Any CPU.ActiveCfg = Debug|Any CPU
		{D5F53EF6-2DA6-4798-A54A-A9A7D3F433B3}.Debug|Any CPU.Build.0 = Debug|Any CPU
		{D5F53EF6-2DA6-4798-A54A-A9A7D3F433B3}.Release|Any CPU.ActiveCfg = Release|Any CPU
		{D5F53EF6-2DA6-4798-A54A-A9A7D3F433B3}.Release|Any CPU.Build.0 = Release|Any CPU
		{38F5F4F0-0129-48B0-A8A9-B74030338055}.Debug|Any CPU.ActiveCfg = Debug|Any CPU
		{38F5F4F0-0129-48B0-A8A9-B74030338055}.Debug|Any CPU.Build.0 = Debug|Any CPU
		{38F5F4F0-0129-48B0-A8A9-B74030338055}.Release|Any CPU.ActiveCfg = Release|Any CPU
		{38F5F4F0-0129-48B0-A8A9-B74030338055}.Release|Any CPU.Build.0 = Release|Any CPU
		{AA023E81-411D-4FF8-BFB9-72D0EA7D4CA2}.Debug|Any CPU.ActiveCfg = Debug|Any CPU
		{AA023E81-411D-4FF8-BFB9-72D0EA7D4CA2}.Debug|Any CPU.Build.0 = Debug|Any CPU
		{AA023E81-411D-4FF8-BFB9-72D0EA7D4CA2}.Release|Any CPU.ActiveCfg = Release|Any CPU
		{AA023E81-411D-4FF8-BFB9-72D0EA7D4CA2}.Release|Any CPU.Build.0 = Release|Any CPU
		{623D3D06-AB3D-4AA8-A1C0-AFE01A44E87D}.Debug|Any CPU.ActiveCfg = Debug|Any CPU
		{623D3D06-AB3D-4AA8-A1C0-AFE01A44E87D}.Debug|Any CPU.Build.0 = Debug|Any CPU
		{623D3D06-AB3D-4AA8-A1C0-AFE01A44E87D}.Release|Any CPU.ActiveCfg = Release|Any CPU
		{623D3D06-AB3D-4AA8-A1C0-AFE01A44E87D}.Release|Any CPU.Build.0 = Release|Any CPU
		{8C2A798B-0ABD-4BBB-8812-F3759B0729DE}.Debug|Any CPU.ActiveCfg = Debug|Any CPU
		{8C2A798B-0ABD-4BBB-8812-F3759B0729DE}.Debug|Any CPU.Build.0 = Debug|Any CPU
		{8C2A798B-0ABD-4BBB-8812-F3759B0729DE}.Release|Any CPU.ActiveCfg = Release|Any CPU
		{8C2A798B-0ABD-4BBB-8812-F3759B0729DE}.Release|Any CPU.Build.0 = Release|Any CPU
		{AF98AA18-4852-49BF-A04E-86218521530A}.Debug|Any CPU.ActiveCfg = Debug|Any CPU
		{AF98AA18-4852-49BF-A04E-86218521530A}.Debug|Any CPU.Build.0 = Debug|Any CPU
		{AF98AA18-4852-49BF-A04E-86218521530A}.Release|Any CPU.ActiveCfg = Release|Any CPU
		{AF98AA18-4852-49BF-A04E-86218521530A}.Release|Any CPU.Build.0 = Release|Any CPU
		{798DA73A-967E-4975-9C33-67A010A8FD09}.Debug|Any CPU.ActiveCfg = Debug|Any CPU
		{798DA73A-967E-4975-9C33-67A010A8FD09}.Debug|Any CPU.Build.0 = Debug|Any CPU
		{798DA73A-967E-4975-9C33-67A010A8FD09}.Release|Any CPU.ActiveCfg = Release|Any CPU
		{798DA73A-967E-4975-9C33-67A010A8FD09}.Release|Any CPU.Build.0 = Release|Any CPU
		{EF819C75-B36E-41DD-A96F-1788FF40F626}.Debug|Any CPU.ActiveCfg = Debug|Any CPU
		{EF819C75-B36E-41DD-A96F-1788FF40F626}.Debug|Any CPU.Build.0 = Debug|Any CPU
		{EF819C75-B36E-41DD-A96F-1788FF40F626}.Release|Any CPU.ActiveCfg = Release|Any CPU
		{EF819C75-B36E-41DD-A96F-1788FF40F626}.Release|Any CPU.Build.0 = Release|Any CPU
		{A8C17857-A6E2-41E9-9DD4-853B3DE59A44}.Debug|Any CPU.ActiveCfg = Debug|Any CPU
		{A8C17857-A6E2-41E9-9DD4-853B3DE59A44}.Debug|Any CPU.Build.0 = Debug|Any CPU
		{A8C17857-A6E2-41E9-9DD4-853B3DE59A44}.Release|Any CPU.ActiveCfg = Release|Any CPU
		{A8C17857-A6E2-41E9-9DD4-853B3DE59A44}.Release|Any CPU.Build.0 = Release|Any CPU
		{A02C6731-C058-436E-AFE6-D2EBDE57204E}.Debug|Any CPU.ActiveCfg = Debug|Any CPU
		{A02C6731-C058-436E-AFE6-D2EBDE57204E}.Debug|Any CPU.Build.0 = Debug|Any CPU
		{A02C6731-C058-436E-AFE6-D2EBDE57204E}.Release|Any CPU.ActiveCfg = Release|Any CPU
		{A02C6731-C058-436E-AFE6-D2EBDE57204E}.Release|Any CPU.Build.0 = Release|Any CPU
		{A7601CB7-66AD-4A51-A8A1-3C63330BB783}.Debug|Any CPU.ActiveCfg = Debug|Any CPU
		{A7601CB7-66AD-4A51-A8A1-3C63330BB783}.Debug|Any CPU.Build.0 = Debug|Any CPU
		{A7601CB7-66AD-4A51-A8A1-3C63330BB783}.Release|Any CPU.ActiveCfg = Release|Any CPU
		{A7601CB7-66AD-4A51-A8A1-3C63330BB783}.Release|Any CPU.Build.0 = Release|Any CPU
		{52F5C98E-9DE7-4C85-A19B-8FA7714F56B6}.Debug|Any CPU.ActiveCfg = Debug|Any CPU
		{52F5C98E-9DE7-4C85-A19B-8FA7714F56B6}.Debug|Any CPU.Build.0 = Debug|Any CPU
		{52F5C98E-9DE7-4C85-A19B-8FA7714F56B6}.Release|Any CPU.ActiveCfg = Release|Any CPU
		{52F5C98E-9DE7-4C85-A19B-8FA7714F56B6}.Release|Any CPU.Build.0 = Release|Any CPU
		{9B1AC3DA-A1E2-4ABD-A561-FBBEC3B98A77}.Debug|Any CPU.ActiveCfg = Debug|Any CPU
		{9B1AC3DA-A1E2-4ABD-A561-FBBEC3B98A77}.Debug|Any CPU.Build.0 = Debug|Any CPU
		{9B1AC3DA-A1E2-4ABD-A561-FBBEC3B98A77}.Release|Any CPU.ActiveCfg = Release|Any CPU
		{9B1AC3DA-A1E2-4ABD-A561-FBBEC3B98A77}.Release|Any CPU.Build.0 = Release|Any CPU
		{F4AC4258-4B68-4237-AA1D-75653F426B90}.Debug|Any CPU.ActiveCfg = Debug|Any CPU
		{F4AC4258-4B68-4237-AA1D-75653F426B90}.Debug|Any CPU.Build.0 = Debug|Any CPU
		{F4AC4258-4B68-4237-AA1D-75653F426B90}.Release|Any CPU.ActiveCfg = Release|Any CPU
		{F4AC4258-4B68-4237-AA1D-75653F426B90}.Release|Any CPU.Build.0 = Release|Any CPU
		{1D9A1F97-03C9-439E-9235-D9EF09AF9228}.Debug|Any CPU.ActiveCfg = Debug|Any CPU
		{1D9A1F97-03C9-439E-9235-D9EF09AF9228}.Debug|Any CPU.Build.0 = Debug|Any CPU
		{1D9A1F97-03C9-439E-9235-D9EF09AF9228}.Release|Any CPU.ActiveCfg = Release|Any CPU
		{1D9A1F97-03C9-439E-9235-D9EF09AF9228}.Release|Any CPU.Build.0 = Release|Any CPU
		{2C3E8A8C-E082-4BDD-909D-3872F998F3C3}.Debug|Any CPU.ActiveCfg = Debug|Any CPU
		{2C3E8A8C-E082-4BDD-909D-3872F998F3C3}.Debug|Any CPU.Build.0 = Debug|Any CPU
		{2C3E8A8C-E082-4BDD-909D-3872F998F3C3}.Release|Any CPU.ActiveCfg = Release|Any CPU
		{2C3E8A8C-E082-4BDD-909D-3872F998F3C3}.Release|Any CPU.Build.0 = Release|Any CPU
		{3BB9C561-8947-4A99-BFFA-379F3F110CDC}.Debug|Any CPU.ActiveCfg = Debug|Any CPU
		{3BB9C561-8947-4A99-BFFA-379F3F110CDC}.Debug|Any CPU.Build.0 = Debug|Any CPU
		{3BB9C561-8947-4A99-BFFA-379F3F110CDC}.Release|Any CPU.ActiveCfg = Release|Any CPU
		{3BB9C561-8947-4A99-BFFA-379F3F110CDC}.Release|Any CPU.Build.0 = Release|Any CPU
		{A84583C6-3318-4AEA-9118-5179A64B65BC}.Debug|Any CPU.ActiveCfg = Debug|Any CPU
		{A84583C6-3318-4AEA-9118-5179A64B65BC}.Debug|Any CPU.Build.0 = Debug|Any CPU
		{A84583C6-3318-4AEA-9118-5179A64B65BC}.Release|Any CPU.ActiveCfg = Release|Any CPU
		{A84583C6-3318-4AEA-9118-5179A64B65BC}.Release|Any CPU.Build.0 = Release|Any CPU
		{68ED2242-4732-4E82-AE70-7D0C32DBE36F}.Debug|Any CPU.ActiveCfg = Debug|Any CPU
		{68ED2242-4732-4E82-AE70-7D0C32DBE36F}.Debug|Any CPU.Build.0 = Debug|Any CPU
		{68ED2242-4732-4E82-AE70-7D0C32DBE36F}.Release|Any CPU.ActiveCfg = Release|Any CPU
		{68ED2242-4732-4E82-AE70-7D0C32DBE36F}.Release|Any CPU.Build.0 = Release|Any CPU
	EndGlobalSection
	GlobalSection(SolutionProperties) = preSolution
		HideSolutionNode = FALSE
	EndGlobalSection
	GlobalSection(NestedProjects) = preSolution
		{0210EA98-EB8A-4868-AC59-B4DFC8FDDE11} = {7828D9F2-177C-4A7E-913A-B5DC8BE4B446}
		{BBFBABAC-9956-4062-A78F-A7C721FEB7EA} = {7828D9F2-177C-4A7E-913A-B5DC8BE4B446}
		{6B503A4C-B5EB-434A-9361-C80268F8E46A} = {7828D9F2-177C-4A7E-913A-B5DC8BE4B446}
		{36276FE1-FFAB-4444-9B18-22ED207A9945} = {7828D9F2-177C-4A7E-913A-B5DC8BE4B446}
		{E98FA99C-B56F-4C87-91D1-EF55A470B2BF} = {7828D9F2-177C-4A7E-913A-B5DC8BE4B446}
		{13D77FF9-85FE-48FA-88D9-6947A28EBD49} = {7828D9F2-177C-4A7E-913A-B5DC8BE4B446}
		{C179CA34-23F1-48E0-ADDE-86104AB5B8C7} = {7828D9F2-177C-4A7E-913A-B5DC8BE4B446}
		{348E9AD5-012F-4A94-B504-24027FE754D5} = {7828D9F2-177C-4A7E-913A-B5DC8BE4B446}
		{9559B7E7-2D5C-4CE4-A3ED-16775D056CD7} = {7828D9F2-177C-4A7E-913A-B5DC8BE4B446}
		{39947C42-FEE8-4302-AC03-1853E20DC333} = {7828D9F2-177C-4A7E-913A-B5DC8BE4B446}
		{8E80BC60-1DCF-402D-A060-3667AF1E84A2} = {7828D9F2-177C-4A7E-913A-B5DC8BE4B446}
		{A822D7F6-56B5-4EFA-8CAB-FDF2ED5E34EA} = {7828D9F2-177C-4A7E-913A-B5DC8BE4B446}
		{A1BED8EA-0006-468F-BFA2-E58EFA75C76A} = {7828D9F2-177C-4A7E-913A-B5DC8BE4B446}
		{7F77D695-125E-41BD-BF16-323BD1EEB473} = {7828D9F2-177C-4A7E-913A-B5DC8BE4B446}
		{2634C899-CFEE-453F-AA3B-0B86056F2F92} = {7828D9F2-177C-4A7E-913A-B5DC8BE4B446}
		{6FEA1EDA-1F0C-43DB-ABF8-6B1DF6E2F36D} = {172F649D-BDC0-4C63-B2B8-CB44F9FF9556}
		{89DC0ABD-1192-4988-A12D-65C58AABBBE6} = {172F649D-BDC0-4C63-B2B8-CB44F9FF9556}
		{F206AC43-18B3-4ECA-AA5F-ED7F1CF2DDA7} = {172F649D-BDC0-4C63-B2B8-CB44F9FF9556}
		{9A04F9B5-29FD-4905-A427-0621ACD144F9} = {172F649D-BDC0-4C63-B2B8-CB44F9FF9556}
		{6B21A5DB-1434-4ABC-8D81-0966E7630C20} = {172F649D-BDC0-4C63-B2B8-CB44F9FF9556}
		{5E33B1F2-F9F3-4800-827F-1FAB03261EC4} = {172F649D-BDC0-4C63-B2B8-CB44F9FF9556}
		{366782CE-095E-4457-A9E8-D07AA2A1DC2D} = {172F649D-BDC0-4C63-B2B8-CB44F9FF9556}
		{C67EA262-8ED9-48E6-A871-0F4CF125850E} = {172F649D-BDC0-4C63-B2B8-CB44F9FF9556}
		{C281B8E3-93B8-4888-ACE3-B7A5DADCD0A4} = {A6380B8E-21D4-4E99-9CBF-75E3420214E6}
		{9A947A5A-06B9-496E-9568-BF4BAAB70F4A} = {A6380B8E-21D4-4E99-9CBF-75E3420214E6}
		{9BD44598-527F-4F1D-819F-8F2451E3DE66} = {A6380B8E-21D4-4E99-9CBF-75E3420214E6}
		{7FFAA979-FC6C-495A-88F4-0441C2FA0655} = {A6380B8E-21D4-4E99-9CBF-75E3420214E6}
		{933CB960-D049-47EF-9545-7E4D4A0E25D8} = {A6380B8E-21D4-4E99-9CBF-75E3420214E6}
		{1461BEC1-B70A-45CD-AC5C-7778A6A54319} = {A6380B8E-21D4-4E99-9CBF-75E3420214E6}
		{415E551C-49A7-4634-83DF-6BB44E8B8DB8} = {A6380B8E-21D4-4E99-9CBF-75E3420214E6}
		{2517280F-71F1-40DE-BD93-F4C1DA06B3EB} = {E3E5919A-A4E5-4C23-BD16-2C7AE281BD9F}
		{741E4B3E-B6AA-4547-94F1-DFC7A1B74DE2} = {E3E5919A-A4E5-4C23-BD16-2C7AE281BD9F}
		{7F7B3E9B-C7BF-4284-ACED-E9375E67B689} = {E3E5919A-A4E5-4C23-BD16-2C7AE281BD9F}
		{5F6BA9BC-0D9F-430E-B17B-CDFFFE1D93F1} = {E3E5919A-A4E5-4C23-BD16-2C7AE281BD9F}
		{0FBEE9D8-28B4-423B-91B7-0F57C46D96CB} = {E3E5919A-A4E5-4C23-BD16-2C7AE281BD9F}
		{FD7C0824-4215-4A1F-8F8A-5908C046FD15} = {E3E5919A-A4E5-4C23-BD16-2C7AE281BD9F}
		{1DC1C8B1-26C5-4C3C-AE56-4937517B9384} = {B73B3372-7799-42D1-B622-DDF07CEA4604}
		{B7725A5E-0046-4625-8235-671E4B0950DA} = {B73B3372-7799-42D1-B622-DDF07CEA4604}
		{0B9636AD-8FE8-45A2-88D7-58894C991AD8} = {B73B3372-7799-42D1-B622-DDF07CEA4604}
		{16631CEE-2495-41BB-BED5-C7112266F626} = {B73B3372-7799-42D1-B622-DDF07CEA4604}
		{2A7BB86D-FADA-484F-AF95-A60C75D7A050} = {B73B3372-7799-42D1-B622-DDF07CEA4604}
		{9919E297-CB5F-4FD2-9E50-3458C1A4524D} = {B73B3372-7799-42D1-B622-DDF07CEA4604}
		{D860A0B7-0CA2-4F89-BFCF-966DDED7955D} = {B73B3372-7799-42D1-B622-DDF07CEA4604}
		{98504B29-1D96-4F4F-91B2-AED220CA08DE} = {B73B3372-7799-42D1-B622-DDF07CEA4604}
		{280A94AA-E0E1-4236-8454-BC6423F883AF} = {B73B3372-7799-42D1-B622-DDF07CEA4604}
		{DA59CC3B-5F7F-40FA-B521-2940378DA79A} = {B73B3372-7799-42D1-B622-DDF07CEA4604}
		{C9081BC3-C7C4-43A2-AF40-6537D86DF5CB} = {B73B3372-7799-42D1-B622-DDF07CEA4604}
		{40ACF147-ACD8-42DE-A33C-9C8CCEB5B74A} = {B73B3372-7799-42D1-B622-DDF07CEA4604}
		{6A4CC6DB-8CAA-4C14-AD96-CFDC79E7B7EA} = {6F43F984-AB96-4CA4-8EC4-370FB9A2BDD5}
		{C33B8DF9-7DB1-409F-A154-2523A873FD33} = {6F43F984-AB96-4CA4-8EC4-370FB9A2BDD5}
		{D5F53EF6-2DA6-4798-A54A-A9A7D3F433B3} = {6F43F984-AB96-4CA4-8EC4-370FB9A2BDD5}
		{38F5F4F0-0129-48B0-A8A9-B74030338055} = {6F43F984-AB96-4CA4-8EC4-370FB9A2BDD5}
		{AA023E81-411D-4FF8-BFB9-72D0EA7D4CA2} = {6F43F984-AB96-4CA4-8EC4-370FB9A2BDD5}
		{623D3D06-AB3D-4AA8-A1C0-AFE01A44E87D} = {6F43F984-AB96-4CA4-8EC4-370FB9A2BDD5}
		{8C2A798B-0ABD-4BBB-8812-F3759B0729DE} = {E0350E00-3B16-4C7F-A043-FE4911DC7A5B}
		{AF98AA18-4852-49BF-A04E-86218521530A} = {FA0540C9-D057-42FB-BC78-D8837532455E}
		{798DA73A-967E-4975-9C33-67A010A8FD09} = {FA0540C9-D057-42FB-BC78-D8837532455E}
		{EF819C75-B36E-41DD-A96F-1788FF40F626} = {FA0540C9-D057-42FB-BC78-D8837532455E}
		{A8C17857-A6E2-41E9-9DD4-853B3DE59A44} = {FA0540C9-D057-42FB-BC78-D8837532455E}
		{A02C6731-C058-436E-AFE6-D2EBDE57204E} = {FA0540C9-D057-42FB-BC78-D8837532455E}
		{A7601CB7-66AD-4A51-A8A1-3C63330BB783} = {FA0540C9-D057-42FB-BC78-D8837532455E}
		{52F5C98E-9DE7-4C85-A19B-8FA7714F56B6} = {FA0540C9-D057-42FB-BC78-D8837532455E}
		{9B1AC3DA-A1E2-4ABD-A561-FBBEC3B98A77} = {FA0540C9-D057-42FB-BC78-D8837532455E}
		{F4AC4258-4B68-4237-AA1D-75653F426B90} = {FA0540C9-D057-42FB-BC78-D8837532455E}
		{1D9A1F97-03C9-439E-9235-D9EF09AF9228} = {FA0540C9-D057-42FB-BC78-D8837532455E}
		{2C3E8A8C-E082-4BDD-909D-3872F998F3C3} = {FA0540C9-D057-42FB-BC78-D8837532455E}
		{3BB9C561-8947-4A99-BFFA-379F3F110CDC} = {FA0540C9-D057-42FB-BC78-D8837532455E}
		{A84583C6-3318-4AEA-9118-5179A64B65BC} = {FA0540C9-D057-42FB-BC78-D8837532455E}
		{68ED2242-4732-4E82-AE70-7D0C32DBE36F} = {FA0540C9-D057-42FB-BC78-D8837532455E}
	EndGlobalSection
EndGlobal
