
Microsoft Visual Studio Solution File, Format Version 12.00
# Visual Studio Version 17
VisualStudioVersion = 17.12.35521.163
MinimumVisualStudioVersion = 10.0.40219.1
Project("{FAE04EC0-301F-11D3-BF4B-00C04F79EFBC}") = "HelloWorld", "HelloWorld\HelloWorld.csproj", "{0210EA98-EB8A-4868-AC59-B4DFC8FDDE11}"
EndProject
Project("{FAE04EC0-301F-11D3-BF4B-00C04F79EFBC}") = "HelloWorldExplicit", "HelloWorldExplicit\HelloWorldExplicit.csproj", "{BBFBABAC-9956-4062-A78F-A7C721FEB7EA}"
EndProject
Project("{FAE04EC0-301F-11D3-BF4B-00C04F79EFBC}") = "ProgramArguments", "ProgramArguments\ProgramArguments.csproj", "{6B503A4C-B5EB-434A-9361-C80268F8E46A}"
EndProject
Project("{FAE04EC0-301F-11D3-BF4B-00C04F79EFBC}") = "ProgramArgumentsExplicit", "ProgramArgumentsExplicit\ProgramArgumentsExplicit.csproj", "{36276FE1-FFAB-4444-9B18-22ED207A9945}"
EndProject
Project("{FAE04EC0-301F-11D3-BF4B-00C04F79EFBC}") = "ConsoleInput", "ConsoleInput\ConsoleInput.csproj", "{E98FA99C-B56F-4C87-91D1-EF55A470B2BF}"
EndProject
Project("{FAE04EC0-301F-11D3-BF4B-00C04F79EFBC}") = "ValueTypes", "ValueTypes\ValueTypes.csproj", "{13D77FF9-85FE-48FA-88D9-6947A28EBD49}"
EndProject
Project("{FAE04EC0-301F-11D3-BF4B-00C04F79EFBC}") = "TypeConversions", "TypeConversions\TypeConversions.csproj", "{C179CA34-23F1-48E0-ADDE-86104AB5B8C7}"
EndProject
Project("{FAE04EC0-301F-11D3-BF4B-00C04F79EFBC}") = "Strings", "Strings\Strings.csproj", "{348E9AD5-012F-4A94-B504-24027FE754D5}"
EndProject
Project("{FAE04EC0-301F-11D3-BF4B-00C04F79EFBC}") = "StringParsing", "StringParsing\StringParsing.csproj", "{9559B7E7-2D5C-4CE4-A3ED-16775D056CD7}"
EndProject
Project("{FAE04EC0-301F-11D3-BF4B-00C04F79EFBC}") = "DateTime", "DateTime\DateTime.csproj", "{39947C42-FEE8-4302-AC03-1853E20DC333}"
EndProject
Project("{FAE04EC0-301F-11D3-BF4B-00C04F79EFBC}") = "Operators", "Operators\Operators.csproj", "{8E80BC60-1DCF-402D-A060-3667AF1E84A2}"
EndProject
Project("{FAE04EC0-301F-11D3-BF4B-00C04F79EFBC}") = "Conditionals", "Conditionals\Conditionals.csproj", "{A822D7F6-56B5-4EFA-8CAB-FDF2ED5E34EA}"
EndProject
Project("{FAE04EC0-301F-11D3-BF4B-00C04F79EFBC}") = "SwitchStatements", "SwitchStatements\SwitchStatements.csproj", "{A1BED8EA-0006-468F-BFA2-E58EFA75C76A}"
EndProject
Project("{FAE04EC0-301F-11D3-BF4B-00C04F79EFBC}") = "IterationStatements", "IterationStatements\IterationStatements.csproj", "{7F77D695-125E-41BD-BF16-323BD1EEB473}"
EndProject
Project("{FAE04EC0-301F-11D3-BF4B-00C04F79EFBC}") = "ConditionalsAndLoops", "ConditionalsAndLoops\ConditionalsAndLoops.csproj", "{2634C899-CFEE-453F-AA3B-0B86056F2F92}"
EndProject
Project("{FAE04EC0-301F-11D3-BF4B-00C04F79EFBC}") = "BasicClass", "BasicClass\BasicClass.csproj", "{6FEA1EDA-1F0C-43DB-ABF8-6B1DF6E2F36D}"
EndProject
Project("{FAE04EC0-301F-11D3-BF4B-00C04F79EFBC}") = "Namespaces", "Namespaces\Namespaces.csproj", "{89DC0ABD-1192-4988-A12D-65C58AABBBE6}"
EndProject
Project("{FAE04EC0-301F-11D3-BF4B-00C04F79EFBC}") = "StaticMembers", "StaticMembers\StaticMembers.csproj", "{F206AC43-18B3-4ECA-AA5F-ED7F1CF2DDA7}"
EndProject
Project("{FAE04EC0-301F-11D3-BF4B-00C04F79EFBC}") = "Interfaces", "Interfaces\Interfaces.csproj", "{9A04F9B5-29FD-4905-A427-0621ACD144F9}"
EndProject
Project("{FAE04EC0-301F-11D3-BF4B-00C04F79EFBC}") = "MethodOverloading", "MethodOverloading\MethodOverloading.csproj", "{6B21A5DB-1434-4ABC-8D81-0966E7630C20}"
EndProject
Project("{FAE04EC0-301F-11D3-BF4B-00C04F79EFBC}") = "Inheritance", "Inheritance\Inheritance.csproj", "{5E33B1F2-F9F3-4800-827F-1FAB03261EC4}"
EndProject
Project("{FAE04EC0-301F-11D3-BF4B-00C04F79EFBC}") = "Polymorphism", "Polymorphism\Polymorphism.csproj", "{366782CE-095E-4457-A9E8-D07AA2A1DC2D}"
EndProject
Project("{FAE04EC0-301F-11D3-BF4B-00C04F79EFBC}") = "AdvancedVariableScopes", "AdvancedVariableScopes\AdvancedVariableScopes.csproj", "{C67EA262-8ED9-48E6-A871-0F4CF125850E}"
EndProject
Project("{FAE04EC0-301F-11D3-BF4B-00C04F79EFBC}") = "ImplicitTyping", "ImplicitTyping\ImplicitTyping.csproj", "{C281B8E3-93B8-4888-ACE3-B7A5DADCD0A4}"
EndProject
Project("{FAE04EC0-301F-11D3-BF4B-00C04F79EFBC}") = "Const", "Const\Const.csproj", "{9A947A5A-06B9-496E-9568-BF4BAAB70F4A}"
EndProject
Project("{FAE04EC0-301F-11D3-BF4B-00C04F79EFBC}") = "Enumerations", "Enumerations\Enumerations.csproj", "{9BD44598-527F-4F1D-819F-8F2451E3DE66}"
EndProject
Project("{FAE04EC0-301F-11D3-BF4B-00C04F79EFBC}") = "SwitchExpressions", "SwitchExpressions\SwitchExpressions.csproj", "{7FFAA979-FC6C-495A-88F4-0441C2FA0655}"
EndProject
Project("{FAE04EC0-301F-11D3-BF4B-00C04F79EFBC}") = "Structs", "Structs\Structs.csproj", "{933CB960-D049-47EF-9545-7E4D4A0E25D8}"
EndProject
Project("{FAE04EC0-301F-11D3-BF4B-00C04F79EFBC}") = "MethodArguments", "MethodArguments\MethodArguments.csproj", "{1461BEC1-B70A-45CD-AC5C-7778A6A54319}"
EndProject
Project("{FAE04EC0-301F-11D3-BF4B-00C04F79EFBC}") = "ExceptionHandling", "ExceptionHandling\ExceptionHandling.csproj", "{415E551C-49A7-4634-83DF-6BB44E8B8DB8}"
EndProject
Project("{FAE04EC0-301F-11D3-BF4B-00C04F79EFBC}") = "Arrays", "Arrays\Arrays.csproj", "{2517280F-71F1-40DE-BD93-F4C1DA06B3EB}"
EndProject
Project("{FAE04EC0-301F-11D3-BF4B-00C04F79EFBC}") = "ArrayList", "ArrayList\ArrayList.csproj", "{741E4B3E-B6AA-4547-94F1-DFC7A1B74DE2}"
EndProject
Project("{FAE04EC0-301F-11D3-BF4B-00C04F79EFBC}") = "List", "List\List.csproj", "{7F7B3E9B-C7BF-4284-ACED-E9375E67B689}"
EndProject
Project("{FAE04EC0-301F-11D3-BF4B-00C04F79EFBC}") = "Stack", "Stack\Stack.csproj", "{5F6BA9BC-0D9F-430E-B17B-CDFFFE1D93F1}"
EndProject
Project("{FAE04EC0-301F-11D3-BF4B-00C04F79EFBC}") = "Queue", "Queue\Queue.csproj", "{0FBEE9D8-28B4-423B-91B7-0F57C46D96CB}"
EndProject
Project("{FAE04EC0-301F-11D3-BF4B-00C04F79EFBC}") = "Dictionary", "Dictionary\Dictionary.csproj", "{FD7C0824-4215-4A1F-8F8A-5908C046FD15}"
EndProject
Project("{FAE04EC0-301F-11D3-BF4B-00C04F79EFBC}") = "NamedArguments", "NamedArguments\NamedArguments.csproj", "{1DC1C8B1-26C5-4C3C-AE56-4937517B9384}"
EndProject
Project("{FAE04EC0-301F-11D3-BF4B-00C04F79EFBC}") = "OptionalArguments", "OptionalArguments\OptionalArguments.csproj", "{B7725A5E-0046-4625-8235-671E4B0950DA}"
EndProject
Project("{FAE04EC0-301F-11D3-BF4B-00C04F79EFBC}") = "ExtensionMethods", "ExtensionMethods\ExtensionMethods.csproj", "{0B9636AD-8FE8-45A2-88D7-58894C991AD8}"
EndProject
Project("{FAE04EC0-301F-11D3-BF4B-00C04F79EFBC}") = "Generics", "Generics\Generics.csproj", "{16631CEE-2495-41BB-BED5-C7112266F626}"
EndProject
Project("{FAE04EC0-301F-11D3-BF4B-00C04F79EFBC}") = "ParamsKeyword", "ParamsKeyword\ParamsKeyword.csproj", "{2A7BB86D-FADA-484F-AF95-A60C75D7A050}"
EndProject
Project("{FAE04EC0-301F-11D3-BF4B-00C04F79EFBC}") = "NullableValueTypes", "NullableValueTypes\NullableValueTypes.csproj", "{9919E297-CB5F-4FD2-9E50-3458C1A4524D}"
EndProject
Project("{FAE04EC0-301F-11D3-BF4B-00C04F79EFBC}") = "NullableReferenceTypes", "NullableReferenceTypes\NullableReferenceTypes.csproj", "{D860A0B7-0CA2-4F89-BFCF-966DDED7955D}"
EndProject
Project("{FAE04EC0-301F-11D3-BF4B-00C04F79EFBC}") = "RecordTypes", "RecordTypes\RecordTypes.csproj", "{98504B29-1D96-4F4F-91B2-AED220CA08DE}"
EndProject
Project("{FAE04EC0-301F-11D3-BF4B-00C04F79EFBC}") = "ClassLibraries", "ClassLibraries\ClassLibraries.csproj", "{280A94AA-E0E1-4236-8454-BC6423F883AF}"
EndProject
Project("{FAE04EC0-301F-11D3-BF4B-00C04F79EFBC}") = "ClassLibraries.Lib", "ClassLibraries.Lib\ClassLibraries.Lib.csproj", "{DA59CC3B-5F7F-40FA-B521-2940378DA79A}"
EndProject
Project("{FAE04EC0-301F-11D3-BF4B-00C04F79EFBC}") = "CustomExceptionTypes", "CustomExceptionTypes\CustomExceptionTypes.csproj", "{C9081BC3-C7C4-43A2-AF40-6537D86DF5CB}"
EndProject
Project("{FAE04EC0-301F-11D3-BF4B-00C04F79EFBC}") = "AsyncAwait", "AsyncAwait\AsyncAwait.csproj", "{40ACF147-ACD8-42DE-A33C-9C8CCEB5B74A}"
EndProject
Project("{2150E333-8FDC-42A3-9474-1A3956D46DE8}") = "01_Basics", "01_Basics", "{7828D9F2-177C-4A7E-913A-B5DC8BE4B446}"
EndProject
Project("{2150E333-8FDC-42A3-9474-1A3956D46DE8}") = "02_OOP", "02_OOP", "{172F649D-BDC0-4C63-B2B8-CB44F9FF9556}"
EndProject
Project("{2150E333-8FDC-42A3-9474-1A3956D46DE8}") = "03_Intermediate", "03_Intermediate", "{A6380B8E-21D4-4E99-9CBF-75E3420214E6}"
EndProject
Project("{2150E333-8FDC-42A3-9474-1A3956D46DE8}") = "04_Arrays_and_Collections", "04_Arrays_and_Collections", "{E3E5919A-A4E5-4C23-BD16-2C7AE281BD9F}"
EndProject
Project("{2150E333-8FDC-42A3-9474-1A3956D46DE8}") = "05_Advanced", "05_Advanced", "{B73B3372-7799-42D1-B622-DDF07CEA4604}"
EndProject
Project("{FAE04EC0-301F-11D3-BF4B-00C04F79EFBC}") = "LinqIntroduction", "LinqIntroduction\LinqIntroduction.csproj", "{6A4CC6DB-8CAA-4C14-AD96-CFDC79E7B7EA}"
EndProject
Project("{FAE04EC0-301F-11D3-BF4B-00C04F79EFBC}") = "LinqOrdering", "LinqOrdering\LinqOrdering.csproj", "{C33B8DF9-7DB1-409F-A154-2523A873FD33}"
EndProject
Project("{2150E333-8FDC-42A3-9474-1A3956D46DE8}") = "06_LINQ", "06_LINQ", "{6F43F984-AB96-4CA4-8EC4-370FB9A2BDD5}"
EndProject
Project("{FAE04EC0-301F-11D3-BF4B-00C04F79EFBC}") = "LinqSelecting", "LinqSelecting\LinqSelecting.csproj", "{D5F53EF6-2DA6-4798-A54A-A9A7D3F433B3}"
EndProject
Project("{FAE04EC0-301F-11D3-BF4B-00C04F79EFBC}") = "LinqGrouping", "LinqGrouping\LinqGrouping.csproj", "{38F5F4F0-0129-48B0-A8A9-B74030338055}"
EndProject
Project("{FAE04EC0-301F-11D3-BF4B-00C04F79EFBC}") = "LinqQuerySyntax", "LinqQuerySyntax\LinqQuerySyntax.csproj", "{AA023E81-411D-4FF8-BFB9-72D0EA7D4CA2}"
EndProject
Project("{FAE04EC0-301F-11D3-BF4B-00C04F79EFBC}") = "LinqExercise", "LinqExercise\LinqExercise.csproj", "{623D3D06-AB3D-4AA8-A1C0-AFE01A44E87D}"
EndProject
Project("{2150E333-8FDC-42A3-9474-1A3956D46DE8}") = "07_Unit_Tests", "07_Unit_Tests", "{E0350E00-3B16-4C7F-A043-FE4911DC7A5B}"
EndProject
Project("{FAE04EC0-301F-11D3-BF4B-00C04F79EFBC}") = "UnitTests", "UnitTests\UnitTests.csproj", "{8C2A798B-0ABD-4BBB-8812-F3759B0729DE}"
EndProject
Project("{2150E333-8FDC-42A3-9474-1A3956D46DE8}") = "08_ASP_.NET_Core", "08_ASP_.NET_Core", "{FA0540C9-D057-42FB-BC78-D8837532455E}"
EndProject
Project("{FAE04EC0-301F-11D3-BF4B-00C04F79EFBC}") = "DependencyInjection", "DependencyInjection\DependencyInjection.csproj", "{AF98AA18-4852-49BF-A04E-86218521530A}"
EndProject
Project("{FAE04EC0-301F-11D3-BF4B-00C04F79EFBC}") = "Middleware", "Middleware\Middleware.csproj", "{798DA73A-967E-4975-9C33-67A010A8FD09}"
EndProject
Project("{FAE04EC0-301F-11D3-BF4B-00C04F79EFBC}") = "Configuration", "Configuration\Configuration.csproj", "{EF819C75-B36E-41DD-A96F-1788FF40F626}"
EndProject
Project("{FAE04EC0-301F-11D3-BF4B-00C04F79EFBC}") = "Environments", "Environments\Environments.csproj", "{A8C17857-A6E2-41E9-9DD4-853B3DE59A44}"
EndProject
Project("{FAE04EC0-301F-11D3-BF4B-00C04F79EFBC}") = "Logging", "Logging\Logging.csproj", "{A02C6731-C058-436E-AFE6-D2EBDE57204E}"
EndProject
Project("{FAE04EC0-301F-11D3-BF4B-00C04F79EFBC}") = "HealthChecks", "HealthChecks\HealthChecks.csproj", "{A7601CB7-66AD-4A51-A8A1-3C63330BB783}"
EndProject
Project("{FAE04EC0-301F-11D3-BF4B-00C04F79EFBC}") = "HttpContext", "HttpContext\HttpContext.csproj", "{52F5C98E-9DE7-4C85-A19B-8FA7714F56B6}"
EndProject
Project("{FAE04EC0-301F-11D3-BF4B-00C04F79EFBC}") = "Routing", "Routing\Routing.csproj", "{9B1AC3DA-A1E2-4ABD-A561-FBBEC3B98A77}"
EndProject
Project("{FAE04EC0-301F-11D3-BF4B-00C04F79EFBC}") = "StaticFiles", "StaticFiles\StaticFiles.csproj", "{F4AC4258-4B68-4237-AA1D-75653F426B90}"
EndProject
Project("{FAE04EC0-301F-11D3-BF4B-00C04F79EFBC}") = "DirectoryBrowsing", "DirectoryBrowsing\DirectoryBrowsing.csproj", "{1D9A1F97-03C9-439E-9235-D9EF09AF9228}"
EndProject
Project("{FAE04EC0-301F-11D3-BF4B-00C04F79EFBC}") = "DefaultDocuments", "DefaultDocuments\DefaultDocuments.csproj", "{2C3E8A8C-E082-4BDD-909D-3872F998F3C3}"
EndProject
Project("{FAE04EC0-301F-11D3-BF4B-00C04F79EFBC}") = "ErrorHandling", "ErrorHandling\ErrorHandling.csproj", "{3BB9C561-8947-4A99-BFFA-379F3F110CDC}"
EndProject
Project("{FAE04EC0-301F-11D3-BF4B-00C04F79EFBC}") = "HttpClient", "HttpClient\HttpClient.csproj", "{A84583C6-3318-4AEA-9118-5179A64B65BC}"
EndProject
Project("{FAE04EC0-301F-11D3-BF4B-00C04F79EFBC}") = "ContentAndWebRoot", "ContentAndWebRoot\ContentAndWebRoot.csproj", "{68ED2242-4732-4E82-AE70-7D0C32DBE36F}"
EndProject
Project("{FAE04EC0-301F-11D3-BF4B-00C04F79EFBC}") = "ASP.NETCoreProject", "ASP.NETCoreProject\ASP.NETCoreProject.csproj", "{98686C07-D75D-44CB-9334-4758EAB3C67A}"
EndProject
Project("{2150E333-8FDC-42A3-9474-1A3956D46DE8}") = "09_ASP_.NET_Core_Razor_Pages", "09_ASP_.NET_Core_Razor_Pages", "{44554A65-210C-49DC-9A45-EBC595258DC3}"
EndProject
Project("{FAE04EC0-301F-11D3-BF4B-00C04F79EFBC}") = "RazorPages", "RazorPages\RazorPages.csproj", "{D8F85C24-72E1-40D4-9703-C8F7A91E1E72}"
EndProject
Project("{FAE04EC0-301F-11D3-BF4B-00C04F79EFBC}") = "RazorPagesIntro", "RazorPagesIntro\RazorPagesIntro.csproj", "{D48DC4C8-510B-489C-82A6-CDAB8D630C88}"
EndProject
Project("{FAE04EC0-301F-11D3-BF4B-00C04F79EFBC}") = "RazorSyntax", "RazorSyntax\RazorSyntax.csproj", "{87F16BFA-B0B5-4977-B5F0-942AE0E0FE79}"
EndProject
Project("{FAE04EC0-301F-11D3-BF4B-00C04F79EFBC}") = "RazorPortfolio", "RazorPortfolio\RazorPortfolio.csproj", "{5250BB52-BEFD-43A8-A289-5C7CC1708EA2}"
EndProject
Project("{FAE04EC0-301F-11D3-BF4B-00C04F79EFBC}") = "RazorRouting", "RazorRouting\RazorRouting.csproj", "{5CCEF4D4-DA30-47C8-B940-9ED9E3F245F9}"
EndProject
Project("{FAE04EC0-301F-11D3-BF4B-00C04F79EFBC}") = "RouteTemplates", "RouteTemplates\RouteTemplates.csproj", "{8E3D9481-BE47-450B-A986-E71FE487B21A}"
EndProject
Project("{FAE04EC0-301F-11D3-BF4B-00C04F79EFBC}") = "RazorDependencyInjection", "RazorDependencyInjection\RazorDependencyInjection.csproj", "{619A18FE-11BD-47DD-BBAD-CDED95D5EE0C}"
EndProject
Project("{FAE04EC0-301F-11D3-BF4B-00C04F79EFBC}") = "RazorTagHelpers", "RazorTagHelpers\RazorTagHelpers.csproj", "{A9B8D540-5D1D-42A8-92CA-1900F144B29A}"
EndProject
Project("{FAE04EC0-301F-11D3-BF4B-00C04F79EFBC}") = "RazorActionResults", "RazorActionResults\RazorActionResults.csproj", "{90BB0739-BF28-4A75-8C16-49DB71F22B71}"
EndProject
Project("{FAE04EC0-301F-11D3-BF4B-00C04F79EFBC}") = "RazorForms", "RazorForms\RazorForms.csproj", "{95D78722-67DD-43C3-8F13-9BEDC4608276}"
EndProject
Project("{FAE04EC0-301F-11D3-BF4B-00C04F79EFBC}") = "RazorLayouts", "RazorLayouts\RazorLayouts.csproj", "{5B33943E-A25E-4618-B643-25E1A11CFCF9}"
EndProject
Project("{2150E333-8FDC-42A3-9474-1A3956D46DE8}") = "10_ASP_.NET_Core_MVC", "10_ASP_.NET_Core_MVC", "{B6BC3419-3697-49F4-9556-BCCDD6400CB6}"
EndProject
Project("{FAE04EC0-301F-11D3-BF4B-00C04F79EFBC}") = "MVCFundamentals", "MVCFundamentals\MVCFundamentals.csproj", "{EB100EC4-2EFF-4DF7-A7FC-658337C34EC0}"
EndProject
Project("{FAE04EC0-301F-11D3-BF4B-00C04F79EFBC}") = "RazorPartialViews", "RazorPartialViews\RazorPartialViews.csproj", "{1E09FDF7-E875-42F4-9DD3-81902B3CE998}"
EndProject
Project("{FAE04EC0-301F-11D3-BF4B-00C04F79EFBC}") = "MVCRouting", "MVCRouting\MVCRouting.csproj", "{169699A8-9948-4E5C-A819-866D47BCF0C8}"
EndProject
Project("{FAE04EC0-301F-11D3-BF4B-00C04F79EFBC}") = "MVCNavigation", "MVCNavigation\MVCNavigation.csproj", "{02BD2904-B1C5-470A-9ED4-11DABDD698A7}"
EndProject
Project("{FAE04EC0-301F-11D3-BF4B-00C04F79EFBC}") = "MVCForms", "MVCForms\MVCForms.csproj", "{9A9D1B22-62C4-457D-956E-0CCF300427F1}"
EndProject
Project("{FAE04EC0-301F-11D3-BF4B-00C04F79EFBC}") = "MVCLayouts", "MVCLayouts\MVCLayouts.csproj", "{C4758DD1-C65D-4007-9AF6-9A35E178AFB5}"
EndProject
Project("{FAE04EC0-301F-11D3-BF4B-00C04F79EFBC}") = "MVCViewComponents", "MVCViewComponents\MVCViewComponents.csproj", "{E81DE090-6267-4DC4-87F0-2A644ACBCFF8}"
EndProject
Project("{FAE04EC0-301F-11D3-BF4B-00C04F79EFBC}") = "MVCDependencyInjection", "MVCDependencyInjection\MVCDependencyInjection.csproj", "{962FFAFA-2635-4CEC-921C-450ECAA77E76}"
EndProject
Project("{FAE04EC0-301F-11D3-BF4B-00C04F79EFBC}") = "MVCCSSIsolation", "MVCCSSIsolation\MVCCSSIsolation.csproj", "{E7B4BDF5-68CA-4AB4-A134-0B85EC9122BA}"
EndProject
Project("{FAE04EC0-301F-11D3-BF4B-00C04F79EFBC}") = "MVCFilters", "MVCFilters\MVCFilters.csproj", "{F7401D2E-549C-4476-AB85-DD1886B91624}"
EndProject
Project("{FAE04EC0-301F-11D3-BF4B-00C04F79EFBC}") = "MVCDataPassing", "MVCDataPassing\MVCDataPassing.csproj", "{A10BC71F-BB75-4998-B923-59547E15E3FF}"
EndProject
Project("{2150E333-8FDC-42A3-9474-1A3956D46DE8}") = "11_ASP_.NET_Core_Blazor", "11_ASP_.NET_Core_Blazor", "{8513891B-3145-4458-B754-206E8B253EFB}"
EndProject
Project("{FAE04EC0-301F-11D3-BF4B-00C04F79EFBC}") = "BlazorServerApp", "BlazorServerApp\BlazorServerApp.csproj", "{98CFABC5-034D-4FC7-A620-641129D61A5F}"
EndProject
Project("{FAE04EC0-301F-11D3-BF4B-00C04F79EFBC}") = "BlazorWebAssemblyApp", "BlazorWebAssemblyApp\BlazorWebAssemblyApp\BlazorWebAssemblyApp.csproj", "{CC72929D-7D7F-4126-A7BB-C4CF6BC6DF1A}"
EndProject
Project("{FAE04EC0-301F-11D3-BF4B-00C04F79EFBC}") = "BlazorWebAssemblyApp.Client", "BlazorWebAssemblyApp\BlazorWebAssemblyApp.Client\BlazorWebAssemblyApp.Client.csproj", "{5FF1B95D-BC94-49D6-A651-5B3C96B07C84}"
EndProject
Project("{FAE04EC0-301F-11D3-BF4B-00C04F79EFBC}") = "RazorComponents", "RazorComponents\RazorComponents.csproj", "{55D22C24-4BB1-4F57-9022-7C4AE45DB1C6}"
EndProject
Project("{FAE04EC0-301F-11D3-BF4B-00C04F79EFBC}") = "RazorComponentExercise", "RazorComponentExercise\RazorComponentExercise.csproj", "{86EF21BD-B4A1-42F7-9358-7337C2992BE2}"
EndProject
Project("{FAE04EC0-301F-11D3-BF4B-00C04F79EFBC}") = "ComponentParameters", "ComponentParameters\ComponentParameters.csproj", "{0FA6619D-7EA8-46AF-A535-3F87003AA4BA}"
EndProject
Project("{FAE04EC0-301F-11D3-BF4B-00C04F79EFBC}") = "ComponentLifecycleMethods", "ComponentLifecycleMethods\ComponentLifecycleMethods.csproj", "{A6C30873-5777-4925-B7BE-8A4A5C46E2A8}"
EndProject
Project("{FAE04EC0-301F-11D3-BF4B-00C04F79EFBC}") = "StylingComponents", "StylingComponents\StylingComponents.csproj", "{0166E2B2-EF06-439C-B608-C5A96CCF19FC}"
EndProject
Project("{FAE04EC0-301F-11D3-BF4B-00C04F79EFBC}") = "CSSIsolation", "CSSIsolation\CSSIsolation.csproj", "{C23AC34E-8D47-454C-82B6-CECB937F9EB8}"
EndProject
Project("{FAE04EC0-301F-11D3-BF4B-00C04F79EFBC}") = "ConditionalRendering", "ConditionalRendering\ConditionalRendering.csproj", "{26A062E1-02E4-434B-A598-B694CF2BA26E}"
EndProject
Project("{FAE04EC0-301F-11D3-BF4B-00C04F79EFBC}") = "StaticServerSideRendering", "StaticServerSideRendering\StaticServerSideRendering.csproj", "{463FF0B8-CCC5-4A57-AB7E-9FA167D7978F}"
EndProject
Project("{FAE04EC0-301F-11D3-BF4B-00C04F79EFBC}") = "PrerenderingServerComponents", "PrerenderingServerComponents\PrerenderingServerComponents.csproj", "{D002DC48-D459-45A4-91F5-17F8B5FB9302}"
EndProject
Project("{FAE04EC0-301F-11D3-BF4B-00C04F79EFBC}") = "BlazorImages", "BlazorImages\BlazorImages.csproj", "{DBDC8443-175A-4E40-A4AA-5664D2A2C766}"
EndProject
Project("{FAE04EC0-301F-11D3-BF4B-00C04F79EFBC}") = "BlazorLayouts", "BlazorLayouts\BlazorLayouts.csproj", "{4513D395-475C-4939-BEBD-3B8CF9648724}"
EndProject
Project("{FAE04EC0-301F-11D3-BF4B-00C04F79EFBC}") = "EventHandlers", "EventHandlers\EventHandlers.csproj", "{94E3B3B2-61EC-44B8-A5DE-D1B15B974C1E}"
EndProject
Project("{FAE04EC0-301F-11D3-BF4B-00C04F79EFBC}") = "EventCallbacks", "EventCallbacks\EventCallbacks.csproj", "{7996D452-2F37-4D52-AEFB-C98DFAC259C1}"
EndProject
Project("{FAE04EC0-301F-11D3-BF4B-00C04F79EFBC}") = "RenderingLists", "RenderingLists\RenderingLists.csproj", "{2D4E467D-A905-4D4A-8DAE-52998B03952B}"
EndProject
Project("{FAE04EC0-301F-11D3-BF4B-00C04F79EFBC}") = "BlazorDependencyInjection", "BlazorDependencyInjection\BlazorDependencyInjection.csproj", "{A034D72C-B9D9-4220-AB1B-95AEBB478E6F}"
EndProject
Project("{FAE04EC0-301F-11D3-BF4B-00C04F79EFBC}") = "QuickGrid", "QuickGrid\QuickGrid.csproj", "{0B5DA778-E324-422B-BAA6-7C3F1A46FEA2}"
EndProject
Project("{FAE04EC0-301F-11D3-BF4B-00C04F79EFBC}") = "BlazorRouting", "BlazorRouting\BlazorRouting.csproj", "{0F67EDE2-C70C-4F78-8988-C294FC820344}"
EndProject
Project("{FAE04EC0-301F-11D3-BF4B-00C04F79EFBC}") = "BlazorNavigation", "BlazorNavigation\BlazorNavigation.csproj", "{CFCD8298-0FAE-4405-8E75-D8AA743D727D}"
EndProject
Project("{FAE04EC0-301F-11D3-BF4B-00C04F79EFBC}") = "CascadingValues", "CascadingValues\CascadingValues.csproj", "{6A785D48-39F6-4EAE-A8AE-D21E6E7C48E2}"
EndProject
Project("{FAE04EC0-301F-11D3-BF4B-00C04F79EFBC}") = "StateContainers", "StateContainers\StateContainers.csproj", "{BC3D5B31-C6BB-42AE-A0ED-D148286C9142}"
EndProject
Project("{FAE04EC0-301F-11D3-BF4B-00C04F79EFBC}") = "ComponentVirtualization", "ComponentVirtualization\ComponentVirtualization.csproj", "{172F9B82-F1A9-4415-B5F9-A8EAEA7D7666}"
EndProject
Project("{FAE04EC0-301F-11D3-BF4B-00C04F79EFBC}") = "TemplatedComponents", "TemplatedComponents\TemplatedComponents.csproj", "{AAF5C332-DC8E-4846-B98C-03A1DA052F11}"
EndProject
Project("{2150E333-8FDC-42A3-9474-1A3956D46DE8}") = "Shared Components", "Shared Components", "{8C08CCD8-4EC6-4447-B959-02511F119F6E}"
EndProject
Project("{FAE04EC0-301F-11D3-BF4B-00C04F79EFBC}") = "RCLBlazorServer", "RCLBlazorServer\RCLBlazorServer.csproj", "{95EDE61B-C210-42F9-A026-7D6F6B5E7D35}"
EndProject
Project("{FAE04EC0-301F-11D3-BF4B-00C04F79EFBC}") = "RCLBlazorWebAssembly", "RCLBlazorWebAssembly\RCLBlazorWebAssembly\RCLBlazorWebAssembly.csproj", "{722B1750-7FA4-47B1-8E53-62C072B845B5}"
EndProject
Project("{FAE04EC0-301F-11D3-BF4B-00C04F79EFBC}") = "RCLBlazorWebAssembly.Client", "RCLBlazorWebAssembly\RCLBlazorWebAssembly.Client\RCLBlazorWebAssembly.Client.csproj", "{58D1DD7A-F6CB-4C55-BD57-48CFD4AB4702}"
EndProject
Project("{FAE04EC0-301F-11D3-BF4B-00C04F79EFBC}") = "SharedComponents", "SharedComponents\SharedComponents.csproj", "{14A34A05-BAA5-442D-85E9-00FA74F1169B}"
EndProject
Project("{FAE04EC0-301F-11D3-BF4B-00C04F79EFBC}") = "DataLoadingBlazorServer", "DataLoadingBlazorServer\DataLoadingBlazorServer.csproj", "{1483369F-99C4-4B91-9120-213446AD5679}"
EndProject
Project("{FAE04EC0-301F-11D3-BF4B-00C04F79EFBC}") = "DataLoadingWebAssembly", "DataLoadingWebAssembly\DataLoadingWebAssembly\DataLoadingWebAssembly.csproj", "{C0BF3E63-43C2-4E93-81E0-E37FBE42BC3F}"
EndProject
Project("{FAE04EC0-301F-11D3-BF4B-00C04F79EFBC}") = "DataLoadingWebAssembly.Client", "DataLoadingWebAssembly\DataLoadingWebAssembly.Client\DataLoadingWebAssembly.Client.csproj", "{FC890AF4-F014-435F-8521-271993A0691E}"
EndProject
Project("{FAE04EC0-301F-11D3-BF4B-00C04F79EFBC}") = "BlazorDataBinding", "BlazorDataBinding\BlazorDataBinding.csproj", "{622BF7AC-4045-491E-AB66-38919B4F4E7F}"
EndProject
Project("{FAE04EC0-301F-11D3-BF4B-00C04F79EFBC}") = "BlazorForms", "BlazorForms\BlazorForms.csproj", "{7916E62A-A4F1-4EDE-95B9-3D9805278AF4}"
EndProject
Project("{FAE04EC0-301F-11D3-BF4B-00C04F79EFBC}") = "BlazorFormsValidation", "BlazorFormsValidation\BlazorFormsValidation.csproj", "{3D16E578-EB4B-46AF-8775-DD06E1F08FE9}"
EndProject
Project("{FAE04EC0-301F-11D3-BF4B-00C04F79EFBC}") = "BlazorLogging", "BlazorLogging\BlazorLogging.csproj", "{0A459FB9-823B-4B73-A0B5-F3AB48F5287A}"
EndProject
Project("{FAE04EC0-301F-11D3-BF4B-00C04F79EFBC}") = "BlazorMudBlazor", "BlazorMudBlazor\BlazorMudBlazor.csproj", "{0C73EC9A-C172-4042-B12F-AF6B45E97E5E}"
EndProject
Global
	GlobalSection(SolutionConfigurationPlatforms) = preSolution
		Debug|Any CPU = Debug|Any CPU
		Release|Any CPU = Release|Any CPU
	EndGlobalSection
	GlobalSection(ProjectConfigurationPlatforms) = postSolution
		{0210EA98-EB8A-4868-AC59-B4DFC8FDDE11}.Debug|Any CPU.ActiveCfg = Debug|Any CPU
		{0210EA98-EB8A-4868-AC59-B4DFC8FDDE11}.Debug|Any CPU.Build.0 = Debug|Any CPU
		{0210EA98-EB8A-4868-AC59-B4DFC8FDDE11}.Release|Any CPU.ActiveCfg = Release|Any CPU
		{0210EA98-EB8A-4868-AC59-B4DFC8FDDE11}.Release|Any CPU.Build.0 = Release|Any CPU
		{BBFBABAC-9956-4062-A78F-A7C721FEB7EA}.Debug|Any CPU.ActiveCfg = Debug|Any CPU
		{BBFBABAC-9956-4062-A78F-A7C721FEB7EA}.Debug|Any CPU.Build.0 = Debug|Any CPU
		{BBFBABAC-9956-4062-A78F-A7C721FEB7EA}.Release|Any CPU.ActiveCfg = Release|Any CPU
		{BBFBABAC-9956-4062-A78F-A7C721FEB7EA}.Release|Any CPU.Build.0 = Release|Any CPU
		{6B503A4C-B5EB-434A-9361-C80268F8E46A}.Debug|Any CPU.ActiveCfg = Debug|Any CPU
		{6B503A4C-B5EB-434A-9361-C80268F8E46A}.Debug|Any CPU.Build.0 = Debug|Any CPU
		{6B503A4C-B5EB-434A-9361-C80268F8E46A}.Release|Any CPU.ActiveCfg = Release|Any CPU
		{6B503A4C-B5EB-434A-9361-C80268F8E46A}.Release|Any CPU.Build.0 = Release|Any CPU
		{36276FE1-FFAB-4444-9B18-22ED207A9945}.Debug|Any CPU.ActiveCfg = Debug|Any CPU
		{36276FE1-FFAB-4444-9B18-22ED207A9945}.Debug|Any CPU.Build.0 = Debug|Any CPU
		{36276FE1-FFAB-4444-9B18-22ED207A9945}.Release|Any CPU.ActiveCfg = Release|Any CPU
		{36276FE1-FFAB-4444-9B18-22ED207A9945}.Release|Any CPU.Build.0 = Release|Any CPU
		{E98FA99C-B56F-4C87-91D1-EF55A470B2BF}.Debug|Any CPU.ActiveCfg = Debug|Any CPU
		{E98FA99C-B56F-4C87-91D1-EF55A470B2BF}.Debug|Any CPU.Build.0 = Debug|Any CPU
		{E98FA99C-B56F-4C87-91D1-EF55A470B2BF}.Release|Any CPU.ActiveCfg = Release|Any CPU
		{E98FA99C-B56F-4C87-91D1-EF55A470B2BF}.Release|Any CPU.Build.0 = Release|Any CPU
		{13D77FF9-85FE-48FA-88D9-6947A28EBD49}.Debug|Any CPU.ActiveCfg = Debug|Any CPU
		{13D77FF9-85FE-48FA-88D9-6947A28EBD49}.Debug|Any CPU.Build.0 = Debug|Any CPU
		{13D77FF9-85FE-48FA-88D9-6947A28EBD49}.Release|Any CPU.ActiveCfg = Release|Any CPU
		{13D77FF9-85FE-48FA-88D9-6947A28EBD49}.Release|Any CPU.Build.0 = Release|Any CPU
		{C179CA34-23F1-48E0-ADDE-86104AB5B8C7}.Debug|Any CPU.ActiveCfg = Debug|Any CPU
		{C179CA34-23F1-48E0-ADDE-86104AB5B8C7}.Debug|Any CPU.Build.0 = Debug|Any CPU
		{C179CA34-23F1-48E0-ADDE-86104AB5B8C7}.Release|Any CPU.ActiveCfg = Release|Any CPU
		{C179CA34-23F1-48E0-ADDE-86104AB5B8C7}.Release|Any CPU.Build.0 = Release|Any CPU
		{348E9AD5-012F-4A94-B504-24027FE754D5}.Debug|Any CPU.ActiveCfg = Debug|Any CPU
		{348E9AD5-012F-4A94-B504-24027FE754D5}.Debug|Any CPU.Build.0 = Debug|Any CPU
		{348E9AD5-012F-4A94-B504-24027FE754D5}.Release|Any CPU.ActiveCfg = Release|Any CPU
		{348E9AD5-012F-4A94-B504-24027FE754D5}.Release|Any CPU.Build.0 = Release|Any CPU
		{9559B7E7-2D5C-4CE4-A3ED-16775D056CD7}.Debug|Any CPU.ActiveCfg = Debug|Any CPU
		{9559B7E7-2D5C-4CE4-A3ED-16775D056CD7}.Debug|Any CPU.Build.0 = Debug|Any CPU
		{9559B7E7-2D5C-4CE4-A3ED-16775D056CD7}.Release|Any CPU.ActiveCfg = Release|Any CPU
		{9559B7E7-2D5C-4CE4-A3ED-16775D056CD7}.Release|Any CPU.Build.0 = Release|Any CPU
		{39947C42-FEE8-4302-AC03-1853E20DC333}.Debug|Any CPU.ActiveCfg = Debug|Any CPU
		{39947C42-FEE8-4302-AC03-1853E20DC333}.Debug|Any CPU.Build.0 = Debug|Any CPU
		{39947C42-FEE8-4302-AC03-1853E20DC333}.Release|Any CPU.ActiveCfg = Release|Any CPU
		{39947C42-FEE8-4302-AC03-1853E20DC333}.Release|Any CPU.Build.0 = Release|Any CPU
		{8E80BC60-1DCF-402D-A060-3667AF1E84A2}.Debug|Any CPU.ActiveCfg = Debug|Any CPU
		{8E80BC60-1DCF-402D-A060-3667AF1E84A2}.Debug|Any CPU.Build.0 = Debug|Any CPU
		{8E80BC60-1DCF-402D-A060-3667AF1E84A2}.Release|Any CPU.ActiveCfg = Release|Any CPU
		{8E80BC60-1DCF-402D-A060-3667AF1E84A2}.Release|Any CPU.Build.0 = Release|Any CPU
		{A822D7F6-56B5-4EFA-8CAB-FDF2ED5E34EA}.Debug|Any CPU.ActiveCfg = Debug|Any CPU
		{A822D7F6-56B5-4EFA-8CAB-FDF2ED5E34EA}.Debug|Any CPU.Build.0 = Debug|Any CPU
		{A822D7F6-56B5-4EFA-8CAB-FDF2ED5E34EA}.Release|Any CPU.ActiveCfg = Release|Any CPU
		{A822D7F6-56B5-4EFA-8CAB-FDF2ED5E34EA}.Release|Any CPU.Build.0 = Release|Any CPU
		{A1BED8EA-0006-468F-BFA2-E58EFA75C76A}.Debug|Any CPU.ActiveCfg = Debug|Any CPU
		{A1BED8EA-0006-468F-BFA2-E58EFA75C76A}.Debug|Any CPU.Build.0 = Debug|Any CPU
		{A1BED8EA-0006-468F-BFA2-E58EFA75C76A}.Release|Any CPU.ActiveCfg = Release|Any CPU
		{A1BED8EA-0006-468F-BFA2-E58EFA75C76A}.Release|Any CPU.Build.0 = Release|Any CPU
		{7F77D695-125E-41BD-BF16-323BD1EEB473}.Debug|Any CPU.ActiveCfg = Debug|Any CPU
		{7F77D695-125E-41BD-BF16-323BD1EEB473}.Debug|Any CPU.Build.0 = Debug|Any CPU
		{7F77D695-125E-41BD-BF16-323BD1EEB473}.Release|Any CPU.ActiveCfg = Release|Any CPU
		{7F77D695-125E-41BD-BF16-323BD1EEB473}.Release|Any CPU.Build.0 = Release|Any CPU
		{2634C899-CFEE-453F-AA3B-0B86056F2F92}.Debug|Any CPU.ActiveCfg = Debug|Any CPU
		{2634C899-CFEE-453F-AA3B-0B86056F2F92}.Debug|Any CPU.Build.0 = Debug|Any CPU
		{2634C899-CFEE-453F-AA3B-0B86056F2F92}.Release|Any CPU.ActiveCfg = Release|Any CPU
		{2634C899-CFEE-453F-AA3B-0B86056F2F92}.Release|Any CPU.Build.0 = Release|Any CPU
		{6FEA1EDA-1F0C-43DB-ABF8-6B1DF6E2F36D}.Debug|Any CPU.ActiveCfg = Debug|Any CPU
		{6FEA1EDA-1F0C-43DB-ABF8-6B1DF6E2F36D}.Debug|Any CPU.Build.0 = Debug|Any CPU
		{6FEA1EDA-1F0C-43DB-ABF8-6B1DF6E2F36D}.Release|Any CPU.ActiveCfg = Release|Any CPU
		{6FEA1EDA-1F0C-43DB-ABF8-6B1DF6E2F36D}.Release|Any CPU.Build.0 = Release|Any CPU
		{89DC0ABD-1192-4988-A12D-65C58AABBBE6}.Debug|Any CPU.ActiveCfg = Debug|Any CPU
		{89DC0ABD-1192-4988-A12D-65C58AABBBE6}.Debug|Any CPU.Build.0 = Debug|Any CPU
		{89DC0ABD-1192-4988-A12D-65C58AABBBE6}.Release|Any CPU.ActiveCfg = Release|Any CPU
		{89DC0ABD-1192-4988-A12D-65C58AABBBE6}.Release|Any CPU.Build.0 = Release|Any CPU
		{F206AC43-18B3-4ECA-AA5F-ED7F1CF2DDA7}.Debug|Any CPU.ActiveCfg = Debug|Any CPU
		{F206AC43-18B3-4ECA-AA5F-ED7F1CF2DDA7}.Debug|Any CPU.Build.0 = Debug|Any CPU
		{F206AC43-18B3-4ECA-AA5F-ED7F1CF2DDA7}.Release|Any CPU.ActiveCfg = Release|Any CPU
		{F206AC43-18B3-4ECA-AA5F-ED7F1CF2DDA7}.Release|Any CPU.Build.0 = Release|Any CPU
		{9A04F9B5-29FD-4905-A427-0621ACD144F9}.Debug|Any CPU.ActiveCfg = Debug|Any CPU
		{9A04F9B5-29FD-4905-A427-0621ACD144F9}.Debug|Any CPU.Build.0 = Debug|Any CPU
		{9A04F9B5-29FD-4905-A427-0621ACD144F9}.Release|Any CPU.ActiveCfg = Release|Any CPU
		{9A04F9B5-29FD-4905-A427-0621ACD144F9}.Release|Any CPU.Build.0 = Release|Any CPU
		{6B21A5DB-1434-4ABC-8D81-0966E7630C20}.Debug|Any CPU.ActiveCfg = Debug|Any CPU
		{6B21A5DB-1434-4ABC-8D81-0966E7630C20}.Debug|Any CPU.Build.0 = Debug|Any CPU
		{6B21A5DB-1434-4ABC-8D81-0966E7630C20}.Release|Any CPU.ActiveCfg = Release|Any CPU
		{6B21A5DB-1434-4ABC-8D81-0966E7630C20}.Release|Any CPU.Build.0 = Release|Any CPU
		{5E33B1F2-F9F3-4800-827F-1FAB03261EC4}.Debug|Any CPU.ActiveCfg = Debug|Any CPU
		{5E33B1F2-F9F3-4800-827F-1FAB03261EC4}.Debug|Any CPU.Build.0 = Debug|Any CPU
		{5E33B1F2-F9F3-4800-827F-1FAB03261EC4}.Release|Any CPU.ActiveCfg = Release|Any CPU
		{5E33B1F2-F9F3-4800-827F-1FAB03261EC4}.Release|Any CPU.Build.0 = Release|Any CPU
		{366782CE-095E-4457-A9E8-D07AA2A1DC2D}.Debug|Any CPU.ActiveCfg = Debug|Any CPU
		{366782CE-095E-4457-A9E8-D07AA2A1DC2D}.Debug|Any CPU.Build.0 = Debug|Any CPU
		{366782CE-095E-4457-A9E8-D07AA2A1DC2D}.Release|Any CPU.ActiveCfg = Release|Any CPU
		{366782CE-095E-4457-A9E8-D07AA2A1DC2D}.Release|Any CPU.Build.0 = Release|Any CPU
		{C67EA262-8ED9-48E6-A871-0F4CF125850E}.Debug|Any CPU.ActiveCfg = Debug|Any CPU
		{C67EA262-8ED9-48E6-A871-0F4CF125850E}.Debug|Any CPU.Build.0 = Debug|Any CPU
		{C67EA262-8ED9-48E6-A871-0F4CF125850E}.Release|Any CPU.ActiveCfg = Release|Any CPU
		{C67EA262-8ED9-48E6-A871-0F4CF125850E}.Release|Any CPU.Build.0 = Release|Any CPU
		{C281B8E3-93B8-4888-ACE3-B7A5DADCD0A4}.Debug|Any CPU.ActiveCfg = Debug|Any CPU
		{C281B8E3-93B8-4888-ACE3-B7A5DADCD0A4}.Debug|Any CPU.Build.0 = Debug|Any CPU
		{C281B8E3-93B8-4888-ACE3-B7A5DADCD0A4}.Release|Any CPU.ActiveCfg = Release|Any CPU
		{C281B8E3-93B8-4888-ACE3-B7A5DADCD0A4}.Release|Any CPU.Build.0 = Release|Any CPU
		{9A947A5A-06B9-496E-9568-BF4BAAB70F4A}.Debug|Any CPU.ActiveCfg = Debug|Any CPU
		{9A947A5A-06B9-496E-9568-BF4BAAB70F4A}.Debug|Any CPU.Build.0 = Debug|Any CPU
		{9A947A5A-06B9-496E-9568-BF4BAAB70F4A}.Release|Any CPU.ActiveCfg = Release|Any CPU
		{9A947A5A-06B9-496E-9568-BF4BAAB70F4A}.Release|Any CPU.Build.0 = Release|Any CPU
		{9BD44598-527F-4F1D-819F-8F2451E3DE66}.Debug|Any CPU.ActiveCfg = Debug|Any CPU
		{9BD44598-527F-4F1D-819F-8F2451E3DE66}.Debug|Any CPU.Build.0 = Debug|Any CPU
		{9BD44598-527F-4F1D-819F-8F2451E3DE66}.Release|Any CPU.ActiveCfg = Release|Any CPU
		{9BD44598-527F-4F1D-819F-8F2451E3DE66}.Release|Any CPU.Build.0 = Release|Any CPU
		{7FFAA979-FC6C-495A-88F4-0441C2FA0655}.Debug|Any CPU.ActiveCfg = Debug|Any CPU
		{7FFAA979-FC6C-495A-88F4-0441C2FA0655}.Debug|Any CPU.Build.0 = Debug|Any CPU
		{7FFAA979-FC6C-495A-88F4-0441C2FA0655}.Release|Any CPU.ActiveCfg = Release|Any CPU
		{7FFAA979-FC6C-495A-88F4-0441C2FA0655}.Release|Any CPU.Build.0 = Release|Any CPU
		{933CB960-D049-47EF-9545-7E4D4A0E25D8}.Debug|Any CPU.ActiveCfg = Debug|Any CPU
		{933CB960-D049-47EF-9545-7E4D4A0E25D8}.Debug|Any CPU.Build.0 = Debug|Any CPU
		{933CB960-D049-47EF-9545-7E4D4A0E25D8}.Release|Any CPU.ActiveCfg = Release|Any CPU
		{933CB960-D049-47EF-9545-7E4D4A0E25D8}.Release|Any CPU.Build.0 = Release|Any CPU
		{1461BEC1-B70A-45CD-AC5C-7778A6A54319}.Debug|Any CPU.ActiveCfg = Debug|Any CPU
		{1461BEC1-B70A-45CD-AC5C-7778A6A54319}.Debug|Any CPU.Build.0 = Debug|Any CPU
		{1461BEC1-B70A-45CD-AC5C-7778A6A54319}.Release|Any CPU.ActiveCfg = Release|Any CPU
		{1461BEC1-B70A-45CD-AC5C-7778A6A54319}.Release|Any CPU.Build.0 = Release|Any CPU
		{415E551C-49A7-4634-83DF-6BB44E8B8DB8}.Debug|Any CPU.ActiveCfg = Debug|Any CPU
		{415E551C-49A7-4634-83DF-6BB44E8B8DB8}.Debug|Any CPU.Build.0 = Debug|Any CPU
		{415E551C-49A7-4634-83DF-6BB44E8B8DB8}.Release|Any CPU.ActiveCfg = Release|Any CPU
		{415E551C-49A7-4634-83DF-6BB44E8B8DB8}.Release|Any CPU.Build.0 = Release|Any CPU
		{2517280F-71F1-40DE-BD93-F4C1DA06B3EB}.Debug|Any CPU.ActiveCfg = Debug|Any CPU
		{2517280F-71F1-40DE-BD93-F4C1DA06B3EB}.Debug|Any CPU.Build.0 = Debug|Any CPU
		{2517280F-71F1-40DE-BD93-F4C1DA06B3EB}.Release|Any CPU.ActiveCfg = Release|Any CPU
		{2517280F-71F1-40DE-BD93-F4C1DA06B3EB}.Release|Any CPU.Build.0 = Release|Any CPU
		{741E4B3E-B6AA-4547-94F1-DFC7A1B74DE2}.Debug|Any CPU.ActiveCfg = Debug|Any CPU
		{741E4B3E-B6AA-4547-94F1-DFC7A1B74DE2}.Debug|Any CPU.Build.0 = Debug|Any CPU
		{741E4B3E-B6AA-4547-94F1-DFC7A1B74DE2}.Release|Any CPU.ActiveCfg = Release|Any CPU
		{741E4B3E-B6AA-4547-94F1-DFC7A1B74DE2}.Release|Any CPU.Build.0 = Release|Any CPU
		{7F7B3E9B-C7BF-4284-ACED-E9375E67B689}.Debug|Any CPU.ActiveCfg = Debug|Any CPU
		{7F7B3E9B-C7BF-4284-ACED-E9375E67B689}.Debug|Any CPU.Build.0 = Debug|Any CPU
		{7F7B3E9B-C7BF-4284-ACED-E9375E67B689}.Release|Any CPU.ActiveCfg = Release|Any CPU
		{7F7B3E9B-C7BF-4284-ACED-E9375E67B689}.Release|Any CPU.Build.0 = Release|Any CPU
		{5F6BA9BC-0D9F-430E-B17B-CDFFFE1D93F1}.Debug|Any CPU.ActiveCfg = Debug|Any CPU
		{5F6BA9BC-0D9F-430E-B17B-CDFFFE1D93F1}.Debug|Any CPU.Build.0 = Debug|Any CPU
		{5F6BA9BC-0D9F-430E-B17B-CDFFFE1D93F1}.Release|Any CPU.ActiveCfg = Release|Any CPU
		{5F6BA9BC-0D9F-430E-B17B-CDFFFE1D93F1}.Release|Any CPU.Build.0 = Release|Any CPU
		{0FBEE9D8-28B4-423B-91B7-0F57C46D96CB}.Debug|Any CPU.ActiveCfg = Debug|Any CPU
		{0FBEE9D8-28B4-423B-91B7-0F57C46D96CB}.Debug|Any CPU.Build.0 = Debug|Any CPU
		{0FBEE9D8-28B4-423B-91B7-0F57C46D96CB}.Release|Any CPU.ActiveCfg = Release|Any CPU
		{0FBEE9D8-28B4-423B-91B7-0F57C46D96CB}.Release|Any CPU.Build.0 = Release|Any CPU
		{FD7C0824-4215-4A1F-8F8A-5908C046FD15}.Debug|Any CPU.ActiveCfg = Debug|Any CPU
		{FD7C0824-4215-4A1F-8F8A-5908C046FD15}.Debug|Any CPU.Build.0 = Debug|Any CPU
		{FD7C0824-4215-4A1F-8F8A-5908C046FD15}.Release|Any CPU.ActiveCfg = Release|Any CPU
		{FD7C0824-4215-4A1F-8F8A-5908C046FD15}.Release|Any CPU.Build.0 = Release|Any CPU
		{1DC1C8B1-26C5-4C3C-AE56-4937517B9384}.Debug|Any CPU.ActiveCfg = Debug|Any CPU
		{1DC1C8B1-26C5-4C3C-AE56-4937517B9384}.Debug|Any CPU.Build.0 = Debug|Any CPU
		{1DC1C8B1-26C5-4C3C-AE56-4937517B9384}.Release|Any CPU.ActiveCfg = Release|Any CPU
		{1DC1C8B1-26C5-4C3C-AE56-4937517B9384}.Release|Any CPU.Build.0 = Release|Any CPU
		{B7725A5E-0046-4625-8235-671E4B0950DA}.Debug|Any CPU.ActiveCfg = Debug|Any CPU
		{B7725A5E-0046-4625-8235-671E4B0950DA}.Debug|Any CPU.Build.0 = Debug|Any CPU
		{B7725A5E-0046-4625-8235-671E4B0950DA}.Release|Any CPU.ActiveCfg = Release|Any CPU
		{B7725A5E-0046-4625-8235-671E4B0950DA}.Release|Any CPU.Build.0 = Release|Any CPU
		{0B9636AD-8FE8-45A2-88D7-58894C991AD8}.Debug|Any CPU.ActiveCfg = Debug|Any CPU
		{0B9636AD-8FE8-45A2-88D7-58894C991AD8}.Debug|Any CPU.Build.0 = Debug|Any CPU
		{0B9636AD-8FE8-45A2-88D7-58894C991AD8}.Release|Any CPU.ActiveCfg = Release|Any CPU
		{0B9636AD-8FE8-45A2-88D7-58894C991AD8}.Release|Any CPU.Build.0 = Release|Any CPU
		{16631CEE-2495-41BB-BED5-C7112266F626}.Debug|Any CPU.ActiveCfg = Debug|Any CPU
		{16631CEE-2495-41BB-BED5-C7112266F626}.Debug|Any CPU.Build.0 = Debug|Any CPU
		{16631CEE-2495-41BB-BED5-C7112266F626}.Release|Any CPU.ActiveCfg = Release|Any CPU
		{16631CEE-2495-41BB-BED5-C7112266F626}.Release|Any CPU.Build.0 = Release|Any CPU
		{2A7BB86D-FADA-484F-AF95-A60C75D7A050}.Debug|Any CPU.ActiveCfg = Debug|Any CPU
		{2A7BB86D-FADA-484F-AF95-A60C75D7A050}.Debug|Any CPU.Build.0 = Debug|Any CPU
		{2A7BB86D-FADA-484F-AF95-A60C75D7A050}.Release|Any CPU.ActiveCfg = Release|Any CPU
		{2A7BB86D-FADA-484F-AF95-A60C75D7A050}.Release|Any CPU.Build.0 = Release|Any CPU
		{9919E297-CB5F-4FD2-9E50-3458C1A4524D}.Debug|Any CPU.ActiveCfg = Debug|Any CPU
		{9919E297-CB5F-4FD2-9E50-3458C1A4524D}.Debug|Any CPU.Build.0 = Debug|Any CPU
		{9919E297-CB5F-4FD2-9E50-3458C1A4524D}.Release|Any CPU.ActiveCfg = Release|Any CPU
		{9919E297-CB5F-4FD2-9E50-3458C1A4524D}.Release|Any CPU.Build.0 = Release|Any CPU
		{D860A0B7-0CA2-4F89-BFCF-966DDED7955D}.Debug|Any CPU.ActiveCfg = Debug|Any CPU
		{D860A0B7-0CA2-4F89-BFCF-966DDED7955D}.Debug|Any CPU.Build.0 = Debug|Any CPU
		{D860A0B7-0CA2-4F89-BFCF-966DDED7955D}.Release|Any CPU.ActiveCfg = Release|Any CPU
		{D860A0B7-0CA2-4F89-BFCF-966DDED7955D}.Release|Any CPU.Build.0 = Release|Any CPU
		{98504B29-1D96-4F4F-91B2-AED220CA08DE}.Debug|Any CPU.ActiveCfg = Debug|Any CPU
		{98504B29-1D96-4F4F-91B2-AED220CA08DE}.Debug|Any CPU.Build.0 = Debug|Any CPU
		{98504B29-1D96-4F4F-91B2-AED220CA08DE}.Release|Any CPU.ActiveCfg = Release|Any CPU
		{98504B29-1D96-4F4F-91B2-AED220CA08DE}.Release|Any CPU.Build.0 = Release|Any CPU
		{280A94AA-E0E1-4236-8454-BC6423F883AF}.Debug|Any CPU.ActiveCfg = Debug|Any CPU
		{280A94AA-E0E1-4236-8454-BC6423F883AF}.Debug|Any CPU.Build.0 = Debug|Any CPU
		{280A94AA-E0E1-4236-8454-BC6423F883AF}.Release|Any CPU.ActiveCfg = Release|Any CPU
		{280A94AA-E0E1-4236-8454-BC6423F883AF}.Release|Any CPU.Build.0 = Release|Any CPU
		{DA59CC3B-5F7F-40FA-B521-2940378DA79A}.Debug|Any CPU.ActiveCfg = Debug|Any CPU
		{DA59CC3B-5F7F-40FA-B521-2940378DA79A}.Debug|Any CPU.Build.0 = Debug|Any CPU
		{DA59CC3B-5F7F-40FA-B521-2940378DA79A}.Release|Any CPU.ActiveCfg = Release|Any CPU
		{DA59CC3B-5F7F-40FA-B521-2940378DA79A}.Release|Any CPU.Build.0 = Release|Any CPU
		{C9081BC3-C7C4-43A2-AF40-6537D86DF5CB}.Debug|Any CPU.ActiveCfg = Debug|Any CPU
		{C9081BC3-C7C4-43A2-AF40-6537D86DF5CB}.Debug|Any CPU.Build.0 = Debug|Any CPU
		{C9081BC3-C7C4-43A2-AF40-6537D86DF5CB}.Release|Any CPU.ActiveCfg = Release|Any CPU
		{C9081BC3-C7C4-43A2-AF40-6537D86DF5CB}.Release|Any CPU.Build.0 = Release|Any CPU
		{40ACF147-ACD8-42DE-A33C-9C8CCEB5B74A}.Debug|Any CPU.ActiveCfg = Debug|Any CPU
		{40ACF147-ACD8-42DE-A33C-9C8CCEB5B74A}.Debug|Any CPU.Build.0 = Debug|Any CPU
		{40ACF147-ACD8-42DE-A33C-9C8CCEB5B74A}.Release|Any CPU.ActiveCfg = Release|Any CPU
		{40ACF147-ACD8-42DE-A33C-9C8CCEB5B74A}.Release|Any CPU.Build.0 = Release|Any CPU
		{6A4CC6DB-8CAA-4C14-AD96-CFDC79E7B7EA}.Debug|Any CPU.ActiveCfg = Debug|Any CPU
		{6A4CC6DB-8CAA-4C14-AD96-CFDC79E7B7EA}.Debug|Any CPU.Build.0 = Debug|Any CPU
		{6A4CC6DB-8CAA-4C14-AD96-CFDC79E7B7EA}.Release|Any CPU.ActiveCfg = Release|Any CPU
		{6A4CC6DB-8CAA-4C14-AD96-CFDC79E7B7EA}.Release|Any CPU.Build.0 = Release|Any CPU
		{C33B8DF9-7DB1-409F-A154-2523A873FD33}.Debug|Any CPU.ActiveCfg = Debug|Any CPU
		{C33B8DF9-7DB1-409F-A154-2523A873FD33}.Debug|Any CPU.Build.0 = Debug|Any CPU
		{C33B8DF9-7DB1-409F-A154-2523A873FD33}.Release|Any CPU.ActiveCfg = Release|Any CPU
		{C33B8DF9-7DB1-409F-A154-2523A873FD33}.Release|Any CPU.Build.0 = Release|Any CPU
		{D5F53EF6-2DA6-4798-A54A-A9A7D3F433B3}.Debug|Any CPU.ActiveCfg = Debug|Any CPU
		{D5F53EF6-2DA6-4798-A54A-A9A7D3F433B3}.Debug|Any CPU.Build.0 = Debug|Any CPU
		{D5F53EF6-2DA6-4798-A54A-A9A7D3F433B3}.Release|Any CPU.ActiveCfg = Release|Any CPU
		{D5F53EF6-2DA6-4798-A54A-A9A7D3F433B3}.Release|Any CPU.Build.0 = Release|Any CPU
		{38F5F4F0-0129-48B0-A8A9-B74030338055}.Debug|Any CPU.ActiveCfg = Debug|Any CPU
		{38F5F4F0-0129-48B0-A8A9-B74030338055}.Debug|Any CPU.Build.0 = Debug|Any CPU
		{38F5F4F0-0129-48B0-A8A9-B74030338055}.Release|Any CPU.ActiveCfg = Release|Any CPU
		{38F5F4F0-0129-48B0-A8A9-B74030338055}.Release|Any CPU.Build.0 = Release|Any CPU
		{AA023E81-411D-4FF8-BFB9-72D0EA7D4CA2}.Debug|Any CPU.ActiveCfg = Debug|Any CPU
		{AA023E81-411D-4FF8-BFB9-72D0EA7D4CA2}.Debug|Any CPU.Build.0 = Debug|Any CPU
		{AA023E81-411D-4FF8-BFB9-72D0EA7D4CA2}.Release|Any CPU.ActiveCfg = Release|Any CPU
		{AA023E81-411D-4FF8-BFB9-72D0EA7D4CA2}.Release|Any CPU.Build.0 = Release|Any CPU
		{623D3D06-AB3D-4AA8-A1C0-AFE01A44E87D}.Debug|Any CPU.ActiveCfg = Debug|Any CPU
		{623D3D06-AB3D-4AA8-A1C0-AFE01A44E87D}.Debug|Any CPU.Build.0 = Debug|Any CPU
		{623D3D06-AB3D-4AA8-A1C0-AFE01A44E87D}.Release|Any CPU.ActiveCfg = Release|Any CPU
		{623D3D06-AB3D-4AA8-A1C0-AFE01A44E87D}.Release|Any CPU.Build.0 = Release|Any CPU
		{8C2A798B-0ABD-4BBB-8812-F3759B0729DE}.Debug|Any CPU.ActiveCfg = Debug|Any CPU
		{8C2A798B-0ABD-4BBB-8812-F3759B0729DE}.Debug|Any CPU.Build.0 = Debug|Any CPU
		{8C2A798B-0ABD-4BBB-8812-F3759B0729DE}.Release|Any CPU.ActiveCfg = Release|Any CPU
		{8C2A798B-0ABD-4BBB-8812-F3759B0729DE}.Release|Any CPU.Build.0 = Release|Any CPU
		{AF98AA18-4852-49BF-A04E-86218521530A}.Debug|Any CPU.ActiveCfg = Debug|Any CPU
		{AF98AA18-4852-49BF-A04E-86218521530A}.Debug|Any CPU.Build.0 = Debug|Any CPU
		{AF98AA18-4852-49BF-A04E-86218521530A}.Release|Any CPU.ActiveCfg = Release|Any CPU
		{AF98AA18-4852-49BF-A04E-86218521530A}.Release|Any CPU.Build.0 = Release|Any CPU
		{798DA73A-967E-4975-9C33-67A010A8FD09}.Debug|Any CPU.ActiveCfg = Debug|Any CPU
		{798DA73A-967E-4975-9C33-67A010A8FD09}.Debug|Any CPU.Build.0 = Debug|Any CPU
		{798DA73A-967E-4975-9C33-67A010A8FD09}.Release|Any CPU.ActiveCfg = Release|Any CPU
		{798DA73A-967E-4975-9C33-67A010A8FD09}.Release|Any CPU.Build.0 = Release|Any CPU
		{EF819C75-B36E-41DD-A96F-1788FF40F626}.Debug|Any CPU.ActiveCfg = Debug|Any CPU
		{EF819C75-B36E-41DD-A96F-1788FF40F626}.Debug|Any CPU.Build.0 = Debug|Any CPU
		{EF819C75-B36E-41DD-A96F-1788FF40F626}.Release|Any CPU.ActiveCfg = Release|Any CPU
		{EF819C75-B36E-41DD-A96F-1788FF40F626}.Release|Any CPU.Build.0 = Release|Any CPU
		{A8C17857-A6E2-41E9-9DD4-853B3DE59A44}.Debug|Any CPU.ActiveCfg = Debug|Any CPU
		{A8C17857-A6E2-41E9-9DD4-853B3DE59A44}.Debug|Any CPU.Build.0 = Debug|Any CPU
		{A8C17857-A6E2-41E9-9DD4-853B3DE59A44}.Release|Any CPU.ActiveCfg = Release|Any CPU
		{A8C17857-A6E2-41E9-9DD4-853B3DE59A44}.Release|Any CPU.Build.0 = Release|Any CPU
		{A02C6731-C058-436E-AFE6-D2EBDE57204E}.Debug|Any CPU.ActiveCfg = Debug|Any CPU
		{A02C6731-C058-436E-AFE6-D2EBDE57204E}.Debug|Any CPU.Build.0 = Debug|Any CPU
		{A02C6731-C058-436E-AFE6-D2EBDE57204E}.Release|Any CPU.ActiveCfg = Release|Any CPU
		{A02C6731-C058-436E-AFE6-D2EBDE57204E}.Release|Any CPU.Build.0 = Release|Any CPU
		{A7601CB7-66AD-4A51-A8A1-3C63330BB783}.Debug|Any CPU.ActiveCfg = Debug|Any CPU
		{A7601CB7-66AD-4A51-A8A1-3C63330BB783}.Debug|Any CPU.Build.0 = Debug|Any CPU
		{A7601CB7-66AD-4A51-A8A1-3C63330BB783}.Release|Any CPU.ActiveCfg = Release|Any CPU
		{A7601CB7-66AD-4A51-A8A1-3C63330BB783}.Release|Any CPU.Build.0 = Release|Any CPU
		{52F5C98E-9DE7-4C85-A19B-8FA7714F56B6}.Debug|Any CPU.ActiveCfg = Debug|Any CPU
		{52F5C98E-9DE7-4C85-A19B-8FA7714F56B6}.Debug|Any CPU.Build.0 = Debug|Any CPU
		{52F5C98E-9DE7-4C85-A19B-8FA7714F56B6}.Release|Any CPU.ActiveCfg = Release|Any CPU
		{52F5C98E-9DE7-4C85-A19B-8FA7714F56B6}.Release|Any CPU.Build.0 = Release|Any CPU
		{9B1AC3DA-A1E2-4ABD-A561-FBBEC3B98A77}.Debug|Any CPU.ActiveCfg = Debug|Any CPU
		{9B1AC3DA-A1E2-4ABD-A561-FBBEC3B98A77}.Debug|Any CPU.Build.0 = Debug|Any CPU
		{9B1AC3DA-A1E2-4ABD-A561-FBBEC3B98A77}.Release|Any CPU.ActiveCfg = Release|Any CPU
		{9B1AC3DA-A1E2-4ABD-A561-FBBEC3B98A77}.Release|Any CPU.Build.0 = Release|Any CPU
		{F4AC4258-4B68-4237-AA1D-75653F426B90}.Debug|Any CPU.ActiveCfg = Debug|Any CPU
		{F4AC4258-4B68-4237-AA1D-75653F426B90}.Debug|Any CPU.Build.0 = Debug|Any CPU
		{F4AC4258-4B68-4237-AA1D-75653F426B90}.Release|Any CPU.ActiveCfg = Release|Any CPU
		{F4AC4258-4B68-4237-AA1D-75653F426B90}.Release|Any CPU.Build.0 = Release|Any CPU
		{1D9A1F97-03C9-439E-9235-D9EF09AF9228}.Debug|Any CPU.ActiveCfg = Debug|Any CPU
		{1D9A1F97-03C9-439E-9235-D9EF09AF9228}.Debug|Any CPU.Build.0 = Debug|Any CPU
		{1D9A1F97-03C9-439E-9235-D9EF09AF9228}.Release|Any CPU.ActiveCfg = Release|Any CPU
		{1D9A1F97-03C9-439E-9235-D9EF09AF9228}.Release|Any CPU.Build.0 = Release|Any CPU
		{2C3E8A8C-E082-4BDD-909D-3872F998F3C3}.Debug|Any CPU.ActiveCfg = Debug|Any CPU
		{2C3E8A8C-E082-4BDD-909D-3872F998F3C3}.Debug|Any CPU.Build.0 = Debug|Any CPU
		{2C3E8A8C-E082-4BDD-909D-3872F998F3C3}.Release|Any CPU.ActiveCfg = Release|Any CPU
		{2C3E8A8C-E082-4BDD-909D-3872F998F3C3}.Release|Any CPU.Build.0 = Release|Any CPU
		{3BB9C561-8947-4A99-BFFA-379F3F110CDC}.Debug|Any CPU.ActiveCfg = Debug|Any CPU
		{3BB9C561-8947-4A99-BFFA-379F3F110CDC}.Debug|Any CPU.Build.0 = Debug|Any CPU
		{3BB9C561-8947-4A99-BFFA-379F3F110CDC}.Release|Any CPU.ActiveCfg = Release|Any CPU
		{3BB9C561-8947-4A99-BFFA-379F3F110CDC}.Release|Any CPU.Build.0 = Release|Any CPU
		{A84583C6-3318-4AEA-9118-5179A64B65BC}.Debug|Any CPU.ActiveCfg = Debug|Any CPU
		{A84583C6-3318-4AEA-9118-5179A64B65BC}.Debug|Any CPU.Build.0 = Debug|Any CPU
		{A84583C6-3318-4AEA-9118-5179A64B65BC}.Release|Any CPU.ActiveCfg = Release|Any CPU
		{A84583C6-3318-4AEA-9118-5179A64B65BC}.Release|Any CPU.Build.0 = Release|Any CPU
		{68ED2242-4732-4E82-AE70-7D0C32DBE36F}.Debug|Any CPU.ActiveCfg = Debug|Any CPU
		{68ED2242-4732-4E82-AE70-7D0C32DBE36F}.Debug|Any CPU.Build.0 = Debug|Any CPU
		{68ED2242-4732-4E82-AE70-7D0C32DBE36F}.Release|Any CPU.ActiveCfg = Release|Any CPU
		{68ED2242-4732-4E82-AE70-7D0C32DBE36F}.Release|Any CPU.Build.0 = Release|Any CPU
		{98686C07-D75D-44CB-9334-4758EAB3C67A}.Debug|Any CPU.ActiveCfg = Debug|Any CPU
		{98686C07-D75D-44CB-9334-4758EAB3C67A}.Debug|Any CPU.Build.0 = Debug|Any CPU
		{98686C07-D75D-44CB-9334-4758EAB3C67A}.Release|Any CPU.ActiveCfg = Release|Any CPU
		{98686C07-D75D-44CB-9334-4758EAB3C67A}.Release|Any CPU.Build.0 = Release|Any CPU
		{D8F85C24-72E1-40D4-9703-C8F7A91E1E72}.Debug|Any CPU.ActiveCfg = Debug|Any CPU
		{D8F85C24-72E1-40D4-9703-C8F7A91E1E72}.Debug|Any CPU.Build.0 = Debug|Any CPU
		{D8F85C24-72E1-40D4-9703-C8F7A91E1E72}.Release|Any CPU.ActiveCfg = Release|Any CPU
		{D8F85C24-72E1-40D4-9703-C8F7A91E1E72}.Release|Any CPU.Build.0 = Release|Any CPU
		{D48DC4C8-510B-489C-82A6-CDAB8D630C88}.Debug|Any CPU.ActiveCfg = Debug|Any CPU
		{D48DC4C8-510B-489C-82A6-CDAB8D630C88}.Debug|Any CPU.Build.0 = Debug|Any CPU
		{D48DC4C8-510B-489C-82A6-CDAB8D630C88}.Release|Any CPU.ActiveCfg = Release|Any CPU
		{D48DC4C8-510B-489C-82A6-CDAB8D630C88}.Release|Any CPU.Build.0 = Release|Any CPU
		{87F16BFA-B0B5-4977-B5F0-942AE0E0FE79}.Debug|Any CPU.ActiveCfg = Debug|Any CPU
		{87F16BFA-B0B5-4977-B5F0-942AE0E0FE79}.Debug|Any CPU.Build.0 = Debug|Any CPU
		{87F16BFA-B0B5-4977-B5F0-942AE0E0FE79}.Release|Any CPU.ActiveCfg = Release|Any CPU
		{87F16BFA-B0B5-4977-B5F0-942AE0E0FE79}.Release|Any CPU.Build.0 = Release|Any CPU
		{5250BB52-BEFD-43A8-A289-5C7CC1708EA2}.Debug|Any CPU.ActiveCfg = Debug|Any CPU
		{5250BB52-BEFD-43A8-A289-5C7CC1708EA2}.Debug|Any CPU.Build.0 = Debug|Any CPU
		{5250BB52-BEFD-43A8-A289-5C7CC1708EA2}.Release|Any CPU.ActiveCfg = Release|Any CPU
		{5250BB52-BEFD-43A8-A289-5C7CC1708EA2}.Release|Any CPU.Build.0 = Release|Any CPU
		{5CCEF4D4-DA30-47C8-B940-9ED9E3F245F9}.Debug|Any CPU.ActiveCfg = Debug|Any CPU
		{5CCEF4D4-DA30-47C8-B940-9ED9E3F245F9}.Debug|Any CPU.Build.0 = Debug|Any CPU
		{5CCEF4D4-DA30-47C8-B940-9ED9E3F245F9}.Release|Any CPU.ActiveCfg = Release|Any CPU
		{5CCEF4D4-DA30-47C8-B940-9ED9E3F245F9}.Release|Any CPU.Build.0 = Release|Any CPU
		{8E3D9481-BE47-450B-A986-E71FE487B21A}.Debug|Any CPU.ActiveCfg = Debug|Any CPU
		{8E3D9481-BE47-450B-A986-E71FE487B21A}.Debug|Any CPU.Build.0 = Debug|Any CPU
		{8E3D9481-BE47-450B-A986-E71FE487B21A}.Release|Any CPU.ActiveCfg = Release|Any CPU
		{8E3D9481-BE47-450B-A986-E71FE487B21A}.Release|Any CPU.Build.0 = Release|Any CPU
		{619A18FE-11BD-47DD-BBAD-CDED95D5EE0C}.Debug|Any CPU.ActiveCfg = Debug|Any CPU
		{619A18FE-11BD-47DD-BBAD-CDED95D5EE0C}.Debug|Any CPU.Build.0 = Debug|Any CPU
		{619A18FE-11BD-47DD-BBAD-CDED95D5EE0C}.Release|Any CPU.ActiveCfg = Release|Any CPU
		{619A18FE-11BD-47DD-BBAD-CDED95D5EE0C}.Release|Any CPU.Build.0 = Release|Any CPU
		{A9B8D540-5D1D-42A8-92CA-1900F144B29A}.Debug|Any CPU.ActiveCfg = Debug|Any CPU
		{A9B8D540-5D1D-42A8-92CA-1900F144B29A}.Debug|Any CPU.Build.0 = Debug|Any CPU
		{A9B8D540-5D1D-42A8-92CA-1900F144B29A}.Release|Any CPU.ActiveCfg = Release|Any CPU
		{A9B8D540-5D1D-42A8-92CA-1900F144B29A}.Release|Any CPU.Build.0 = Release|Any CPU
		{90BB0739-BF28-4A75-8C16-49DB71F22B71}.Debug|Any CPU.ActiveCfg = Debug|Any CPU
		{90BB0739-BF28-4A75-8C16-49DB71F22B71}.Debug|Any CPU.Build.0 = Debug|Any CPU
		{90BB0739-BF28-4A75-8C16-49DB71F22B71}.Release|Any CPU.ActiveCfg = Release|Any CPU
		{90BB0739-BF28-4A75-8C16-49DB71F22B71}.Release|Any CPU.Build.0 = Release|Any CPU
		{95D78722-67DD-43C3-8F13-9BEDC4608276}.Debug|Any CPU.ActiveCfg = Debug|Any CPU
		{95D78722-67DD-43C3-8F13-9BEDC4608276}.Debug|Any CPU.Build.0 = Debug|Any CPU
		{95D78722-67DD-43C3-8F13-9BEDC4608276}.Release|Any CPU.ActiveCfg = Release|Any CPU
		{95D78722-67DD-43C3-8F13-9BEDC4608276}.Release|Any CPU.Build.0 = Release|Any CPU
		{5B33943E-A25E-4618-B643-25E1A11CFCF9}.Debug|Any CPU.ActiveCfg = Debug|Any CPU
		{5B33943E-A25E-4618-B643-25E1A11CFCF9}.Debug|Any CPU.Build.0 = Debug|Any CPU
		{5B33943E-A25E-4618-B643-25E1A11CFCF9}.Release|Any CPU.ActiveCfg = Release|Any CPU
		{5B33943E-A25E-4618-B643-25E1A11CFCF9}.Release|Any CPU.Build.0 = Release|Any CPU
		{EB100EC4-2EFF-4DF7-A7FC-658337C34EC0}.Debug|Any CPU.ActiveCfg = Debug|Any CPU
		{EB100EC4-2EFF-4DF7-A7FC-658337C34EC0}.Debug|Any CPU.Build.0 = Debug|Any CPU
		{EB100EC4-2EFF-4DF7-A7FC-658337C34EC0}.Release|Any CPU.ActiveCfg = Release|Any CPU
		{EB100EC4-2EFF-4DF7-A7FC-658337C34EC0}.Release|Any CPU.Build.0 = Release|Any CPU
		{1E09FDF7-E875-42F4-9DD3-81902B3CE998}.Debug|Any CPU.ActiveCfg = Debug|Any CPU
		{1E09FDF7-E875-42F4-9DD3-81902B3CE998}.Debug|Any CPU.Build.0 = Debug|Any CPU
		{1E09FDF7-E875-42F4-9DD3-81902B3CE998}.Release|Any CPU.ActiveCfg = Release|Any CPU
		{1E09FDF7-E875-42F4-9DD3-81902B3CE998}.Release|Any CPU.Build.0 = Release|Any CPU
		{169699A8-9948-4E5C-A819-866D47BCF0C8}.Debug|Any CPU.ActiveCfg = Debug|Any CPU
		{169699A8-9948-4E5C-A819-866D47BCF0C8}.Debug|Any CPU.Build.0 = Debug|Any CPU
		{169699A8-9948-4E5C-A819-866D47BCF0C8}.Release|Any CPU.ActiveCfg = Release|Any CPU
		{169699A8-9948-4E5C-A819-866D47BCF0C8}.Release|Any CPU.Build.0 = Release|Any CPU
		{02BD2904-B1C5-470A-9ED4-11DABDD698A7}.Debug|Any CPU.ActiveCfg = Debug|Any CPU
		{02BD2904-B1C5-470A-9ED4-11DABDD698A7}.Debug|Any CPU.Build.0 = Debug|Any CPU
		{02BD2904-B1C5-470A-9ED4-11DABDD698A7}.Release|Any CPU.ActiveCfg = Release|Any CPU
		{02BD2904-B1C5-470A-9ED4-11DABDD698A7}.Release|Any CPU.Build.0 = Release|Any CPU
		{9A9D1B22-62C4-457D-956E-0CCF300427F1}.Debug|Any CPU.ActiveCfg = Debug|Any CPU
		{9A9D1B22-62C4-457D-956E-0CCF300427F1}.Debug|Any CPU.Build.0 = Debug|Any CPU
		{9A9D1B22-62C4-457D-956E-0CCF300427F1}.Release|Any CPU.ActiveCfg = Release|Any CPU
		{9A9D1B22-62C4-457D-956E-0CCF300427F1}.Release|Any CPU.Build.0 = Release|Any CPU
		{C4758DD1-C65D-4007-9AF6-9A35E178AFB5}.Debug|Any CPU.ActiveCfg = Debug|Any CPU
		{C4758DD1-C65D-4007-9AF6-9A35E178AFB5}.Debug|Any CPU.Build.0 = Debug|Any CPU
		{C4758DD1-C65D-4007-9AF6-9A35E178AFB5}.Release|Any CPU.ActiveCfg = Release|Any CPU
		{C4758DD1-C65D-4007-9AF6-9A35E178AFB5}.Release|Any CPU.Build.0 = Release|Any CPU
		{E81DE090-6267-4DC4-87F0-2A644ACBCFF8}.Debug|Any CPU.ActiveCfg = Debug|Any CPU
		{E81DE090-6267-4DC4-87F0-2A644ACBCFF8}.Debug|Any CPU.Build.0 = Debug|Any CPU
		{E81DE090-6267-4DC4-87F0-2A644ACBCFF8}.Release|Any CPU.ActiveCfg = Release|Any CPU
		{E81DE090-6267-4DC4-87F0-2A644ACBCFF8}.Release|Any CPU.Build.0 = Release|Any CPU
		{962FFAFA-2635-4CEC-921C-450ECAA77E76}.Debug|Any CPU.ActiveCfg = Debug|Any CPU
		{962FFAFA-2635-4CEC-921C-450ECAA77E76}.Debug|Any CPU.Build.0 = Debug|Any CPU
		{962FFAFA-2635-4CEC-921C-450ECAA77E76}.Release|Any CPU.ActiveCfg = Release|Any CPU
		{962FFAFA-2635-4CEC-921C-450ECAA77E76}.Release|Any CPU.Build.0 = Release|Any CPU
		{E7B4BDF5-68CA-4AB4-A134-0B85EC9122BA}.Debug|Any CPU.ActiveCfg = Debug|Any CPU
		{E7B4BDF5-68CA-4AB4-A134-0B85EC9122BA}.Debug|Any CPU.Build.0 = Debug|Any CPU
		{E7B4BDF5-68CA-4AB4-A134-0B85EC9122BA}.Release|Any CPU.ActiveCfg = Release|Any CPU
		{E7B4BDF5-68CA-4AB4-A134-0B85EC9122BA}.Release|Any CPU.Build.0 = Release|Any CPU
		{F7401D2E-549C-4476-AB85-DD1886B91624}.Debug|Any CPU.ActiveCfg = Debug|Any CPU
		{F7401D2E-549C-4476-AB85-DD1886B91624}.Debug|Any CPU.Build.0 = Debug|Any CPU
		{F7401D2E-549C-4476-AB85-DD1886B91624}.Release|Any CPU.ActiveCfg = Release|Any CPU
		{F7401D2E-549C-4476-AB85-DD1886B91624}.Release|Any CPU.Build.0 = Release|Any CPU
		{A10BC71F-BB75-4998-B923-59547E15E3FF}.Debug|Any CPU.ActiveCfg = Debug|Any CPU
		{A10BC71F-BB75-4998-B923-59547E15E3FF}.Debug|Any CPU.Build.0 = Debug|Any CPU
		{A10BC71F-BB75-4998-B923-59547E15E3FF}.Release|Any CPU.ActiveCfg = Release|Any CPU
		{A10BC71F-BB75-4998-B923-59547E15E3FF}.Release|Any CPU.Build.0 = Release|Any CPU
		{98CFABC5-034D-4FC7-A620-641129D61A5F}.Debug|Any CPU.ActiveCfg = Debug|Any CPU
		{98CFABC5-034D-4FC7-A620-641129D61A5F}.Debug|Any CPU.Build.0 = Debug|Any CPU
		{98CFABC5-034D-4FC7-A620-641129D61A5F}.Release|Any CPU.ActiveCfg = Release|Any CPU
		{98CFABC5-034D-4FC7-A620-641129D61A5F}.Release|Any CPU.Build.0 = Release|Any CPU
		{CC72929D-7D7F-4126-A7BB-C4CF6BC6DF1A}.Debug|Any CPU.ActiveCfg = Debug|Any CPU
		{CC72929D-7D7F-4126-A7BB-C4CF6BC6DF1A}.Debug|Any CPU.Build.0 = Debug|Any CPU
		{CC72929D-7D7F-4126-A7BB-C4CF6BC6DF1A}.Release|Any CPU.ActiveCfg = Release|Any CPU
		{CC72929D-7D7F-4126-A7BB-C4CF6BC6DF1A}.Release|Any CPU.Build.0 = Release|Any CPU
		{5FF1B95D-BC94-49D6-A651-5B3C96B07C84}.Debug|Any CPU.ActiveCfg = Debug|Any CPU
		{5FF1B95D-BC94-49D6-A651-5B3C96B07C84}.Debug|Any CPU.Build.0 = Debug|Any CPU
		{5FF1B95D-BC94-49D6-A651-5B3C96B07C84}.Release|Any CPU.ActiveCfg = Release|Any CPU
		{5FF1B95D-BC94-49D6-A651-5B3C96B07C84}.Release|Any CPU.Build.0 = Release|Any CPU
		{55D22C24-4BB1-4F57-9022-7C4AE45DB1C6}.Debug|Any CPU.ActiveCfg = Debug|Any CPU
		{55D22C24-4BB1-4F57-9022-7C4AE45DB1C6}.Debug|Any CPU.Build.0 = Debug|Any CPU
		{55D22C24-4BB1-4F57-9022-7C4AE45DB1C6}.Release|Any CPU.ActiveCfg = Release|Any CPU
		{55D22C24-4BB1-4F57-9022-7C4AE45DB1C6}.Release|Any CPU.Build.0 = Release|Any CPU
		{86EF21BD-B4A1-42F7-9358-7337C2992BE2}.Debug|Any CPU.ActiveCfg = Debug|Any CPU
		{86EF21BD-B4A1-42F7-9358-7337C2992BE2}.Debug|Any CPU.Build.0 = Debug|Any CPU
		{86EF21BD-B4A1-42F7-9358-7337C2992BE2}.Release|Any CPU.ActiveCfg = Release|Any CPU
		{86EF21BD-B4A1-42F7-9358-7337C2992BE2}.Release|Any CPU.Build.0 = Release|Any CPU
		{0FA6619D-7EA8-46AF-A535-3F87003AA4BA}.Debug|Any CPU.ActiveCfg = Debug|Any CPU
		{0FA6619D-7EA8-46AF-A535-3F87003AA4BA}.Debug|Any CPU.Build.0 = Debug|Any CPU
		{0FA6619D-7EA8-46AF-A535-3F87003AA4BA}.Release|Any CPU.ActiveCfg = Release|Any CPU
		{0FA6619D-7EA8-46AF-A535-3F87003AA4BA}.Release|Any CPU.Build.0 = Release|Any CPU
		{A6C30873-5777-4925-B7BE-8A4A5C46E2A8}.Debug|Any CPU.ActiveCfg = Debug|Any CPU
		{A6C30873-5777-4925-B7BE-8A4A5C46E2A8}.Debug|Any CPU.Build.0 = Debug|Any CPU
		{A6C30873-5777-4925-B7BE-8A4A5C46E2A8}.Release|Any CPU.ActiveCfg = Release|Any CPU
		{A6C30873-5777-4925-B7BE-8A4A5C46E2A8}.Release|Any CPU.Build.0 = Release|Any CPU
		{0166E2B2-EF06-439C-B608-C5A96CCF19FC}.Debug|Any CPU.ActiveCfg = Debug|Any CPU
		{0166E2B2-EF06-439C-B608-C5A96CCF19FC}.Debug|Any CPU.Build.0 = Debug|Any CPU
		{0166E2B2-EF06-439C-B608-C5A96CCF19FC}.Release|Any CPU.ActiveCfg = Release|Any CPU
		{0166E2B2-EF06-439C-B608-C5A96CCF19FC}.Release|Any CPU.Build.0 = Release|Any CPU
		{C23AC34E-8D47-454C-82B6-CECB937F9EB8}.Debug|Any CPU.ActiveCfg = Debug|Any CPU
		{C23AC34E-8D47-454C-82B6-CECB937F9EB8}.Debug|Any CPU.Build.0 = Debug|Any CPU
		{C23AC34E-8D47-454C-82B6-CECB937F9EB8}.Release|Any CPU.ActiveCfg = Release|Any CPU
		{C23AC34E-8D47-454C-82B6-CECB937F9EB8}.Release|Any CPU.Build.0 = Release|Any CPU
		{26A062E1-02E4-434B-A598-B694CF2BA26E}.Debug|Any CPU.ActiveCfg = Debug|Any CPU
		{26A062E1-02E4-434B-A598-B694CF2BA26E}.Debug|Any CPU.Build.0 = Debug|Any CPU
		{26A062E1-02E4-434B-A598-B694CF2BA26E}.Release|Any CPU.ActiveCfg = Release|Any CPU
		{26A062E1-02E4-434B-A598-B694CF2BA26E}.Release|Any CPU.Build.0 = Release|Any CPU
		{463FF0B8-CCC5-4A57-AB7E-9FA167D7978F}.Debug|Any CPU.ActiveCfg = Debug|Any CPU
		{463FF0B8-CCC5-4A57-AB7E-9FA167D7978F}.Debug|Any CPU.Build.0 = Debug|Any CPU
		{463FF0B8-CCC5-4A57-AB7E-9FA167D7978F}.Release|Any CPU.ActiveCfg = Release|Any CPU
		{463FF0B8-CCC5-4A57-AB7E-9FA167D7978F}.Release|Any CPU.Build.0 = Release|Any CPU
		{D002DC48-D459-45A4-91F5-17F8B5FB9302}.Debug|Any CPU.ActiveCfg = Debug|Any CPU
		{D002DC48-D459-45A4-91F5-17F8B5FB9302}.Debug|Any CPU.Build.0 = Debug|Any CPU
		{D002DC48-D459-45A4-91F5-17F8B5FB9302}.Release|Any CPU.ActiveCfg = Release|Any CPU
		{D002DC48-D459-45A4-91F5-17F8B5FB9302}.Release|Any CPU.Build.0 = Release|Any CPU
		{DBDC8443-175A-4E40-A4AA-5664D2A2C766}.Debug|Any CPU.ActiveCfg = Debug|Any CPU
		{DBDC8443-175A-4E40-A4AA-5664D2A2C766}.Debug|Any CPU.Build.0 = Debug|Any CPU
		{DBDC8443-175A-4E40-A4AA-5664D2A2C766}.Release|Any CPU.ActiveCfg = Release|Any CPU
		{DBDC8443-175A-4E40-A4AA-5664D2A2C766}.Release|Any CPU.Build.0 = Release|Any CPU
		{4513D395-475C-4939-BEBD-3B8CF9648724}.Debug|Any CPU.ActiveCfg = Debug|Any CPU
		{4513D395-475C-4939-BEBD-3B8CF9648724}.Debug|Any CPU.Build.0 = Debug|Any CPU
		{4513D395-475C-4939-BEBD-3B8CF9648724}.Release|Any CPU.ActiveCfg = Release|Any CPU
		{4513D395-475C-4939-BEBD-3B8CF9648724}.Release|Any CPU.Build.0 = Release|Any CPU
		{94E3B3B2-61EC-44B8-A5DE-D1B15B974C1E}.Debug|Any CPU.ActiveCfg = Debug|Any CPU
		{94E3B3B2-61EC-44B8-A5DE-D1B15B974C1E}.Debug|Any CPU.Build.0 = Debug|Any CPU
		{94E3B3B2-61EC-44B8-A5DE-D1B15B974C1E}.Release|Any CPU.ActiveCfg = Release|Any CPU
		{94E3B3B2-61EC-44B8-A5DE-D1B15B974C1E}.Release|Any CPU.Build.0 = Release|Any CPU
		{7996D452-2F37-4D52-AEFB-C98DFAC259C1}.Debug|Any CPU.ActiveCfg = Debug|Any CPU
		{7996D452-2F37-4D52-AEFB-C98DFAC259C1}.Debug|Any CPU.Build.0 = Debug|Any CPU
		{7996D452-2F37-4D52-AEFB-C98DFAC259C1}.Release|Any CPU.ActiveCfg = Release|Any CPU
		{7996D452-2F37-4D52-AEFB-C98DFAC259C1}.Release|Any CPU.Build.0 = Release|Any CPU
		{2D4E467D-A905-4D4A-8DAE-52998B03952B}.Debug|Any CPU.ActiveCfg = Debug|Any CPU
		{2D4E467D-A905-4D4A-8DAE-52998B03952B}.Debug|Any CPU.Build.0 = Debug|Any CPU
		{2D4E467D-A905-4D4A-8DAE-52998B03952B}.Release|Any CPU.ActiveCfg = Release|Any CPU
		{2D4E467D-A905-4D4A-8DAE-52998B03952B}.Release|Any CPU.Build.0 = Release|Any CPU
		{A034D72C-B9D9-4220-AB1B-95AEBB478E6F}.Debug|Any CPU.ActiveCfg = Debug|Any CPU
		{A034D72C-B9D9-4220-AB1B-95AEBB478E6F}.Debug|Any CPU.Build.0 = Debug|Any CPU
		{A034D72C-B9D9-4220-AB1B-95AEBB478E6F}.Release|Any CPU.ActiveCfg = Release|Any CPU
		{A034D72C-B9D9-4220-AB1B-95AEBB478E6F}.Release|Any CPU.Build.0 = Release|Any CPU
		{0B5DA778-E324-422B-BAA6-7C3F1A46FEA2}.Debug|Any CPU.ActiveCfg = Debug|Any CPU
		{0B5DA778-E324-422B-BAA6-7C3F1A46FEA2}.Debug|Any CPU.Build.0 = Debug|Any CPU
		{0B5DA778-E324-422B-BAA6-7C3F1A46FEA2}.Release|Any CPU.ActiveCfg = Release|Any CPU
		{0B5DA778-E324-422B-BAA6-7C3F1A46FEA2}.Release|Any CPU.Build.0 = Release|Any CPU
		{0F67EDE2-C70C-4F78-8988-C294FC820344}.Debug|Any CPU.ActiveCfg = Debug|Any CPU
		{0F67EDE2-C70C-4F78-8988-C294FC820344}.Debug|Any CPU.Build.0 = Debug|Any CPU
		{0F67EDE2-C70C-4F78-8988-C294FC820344}.Release|Any CPU.ActiveCfg = Release|Any CPU
		{0F67EDE2-C70C-4F78-8988-C294FC820344}.Release|Any CPU.Build.0 = Release|Any CPU
		{CFCD8298-0FAE-4405-8E75-D8AA743D727D}.Debug|Any CPU.ActiveCfg = Debug|Any CPU
		{CFCD8298-0FAE-4405-8E75-D8AA743D727D}.Debug|Any CPU.Build.0 = Debug|Any CPU
		{CFCD8298-0FAE-4405-8E75-D8AA743D727D}.Release|Any CPU.ActiveCfg = Release|Any CPU
		{CFCD8298-0FAE-4405-8E75-D8AA743D727D}.Release|Any CPU.Build.0 = Release|Any CPU
		{6A785D48-39F6-4EAE-A8AE-D21E6E7C48E2}.Debug|Any CPU.ActiveCfg = Debug|Any CPU
		{6A785D48-39F6-4EAE-A8AE-D21E6E7C48E2}.Debug|Any CPU.Build.0 = Debug|Any CPU
		{6A785D48-39F6-4EAE-A8AE-D21E6E7C48E2}.Release|Any CPU.ActiveCfg = Release|Any CPU
		{6A785D48-39F6-4EAE-A8AE-D21E6E7C48E2}.Release|Any CPU.Build.0 = Release|Any CPU
		{BC3D5B31-C6BB-42AE-A0ED-D148286C9142}.Debug|Any CPU.ActiveCfg = Debug|Any CPU
		{BC3D5B31-C6BB-42AE-A0ED-D148286C9142}.Debug|Any CPU.Build.0 = Debug|Any CPU
		{BC3D5B31-C6BB-42AE-A0ED-D148286C9142}.Release|Any CPU.ActiveCfg = Release|Any CPU
		{BC3D5B31-C6BB-42AE-A0ED-D148286C9142}.Release|Any CPU.Build.0 = Release|Any CPU
		{172F9B82-F1A9-4415-B5F9-A8EAEA7D7666}.Debug|Any CPU.ActiveCfg = Debug|Any CPU
		{172F9B82-F1A9-4415-B5F9-A8EAEA7D7666}.Debug|Any CPU.Build.0 = Debug|Any CPU
		{172F9B82-F1A9-4415-B5F9-A8EAEA7D7666}.Release|Any CPU.ActiveCfg = Release|Any CPU
		{172F9B82-F1A9-4415-B5F9-A8EAEA7D7666}.Release|Any CPU.Build.0 = Release|Any CPU
		{AAF5C332-DC8E-4846-B98C-03A1DA052F11}.Debug|Any CPU.ActiveCfg = Debug|Any CPU
		{AAF5C332-DC8E-4846-B98C-03A1DA052F11}.Debug|Any CPU.Build.0 = Debug|Any CPU
		{AAF5C332-DC8E-4846-B98C-03A1DA052F11}.Release|Any CPU.ActiveCfg = Release|Any CPU
		{AAF5C332-DC8E-4846-B98C-03A1DA052F11}.Release|Any CPU.Build.0 = Release|Any CPU
		{95EDE61B-C210-42F9-A026-7D6F6B5E7D35}.Debug|Any CPU.ActiveCfg = Debug|Any CPU
		{95EDE61B-C210-42F9-A026-7D6F6B5E7D35}.Debug|Any CPU.Build.0 = Debug|Any CPU
		{95EDE61B-C210-42F9-A026-7D6F6B5E7D35}.Release|Any CPU.ActiveCfg = Release|Any CPU
		{95EDE61B-C210-42F9-A026-7D6F6B5E7D35}.Release|Any CPU.Build.0 = Release|Any CPU
		{722B1750-7FA4-47B1-8E53-62C072B845B5}.Debug|Any CPU.ActiveCfg = Debug|Any CPU
		{722B1750-7FA4-47B1-8E53-62C072B845B5}.Debug|Any CPU.Build.0 = Debug|Any CPU
		{722B1750-7FA4-47B1-8E53-62C072B845B5}.Release|Any CPU.ActiveCfg = Release|Any CPU
		{722B1750-7FA4-47B1-8E53-62C072B845B5}.Release|Any CPU.Build.0 = Release|Any CPU
		{58D1DD7A-F6CB-4C55-BD57-48CFD4AB4702}.Debug|Any CPU.ActiveCfg = Debug|Any CPU
		{58D1DD7A-F6CB-4C55-BD57-48CFD4AB4702}.Debug|Any CPU.Build.0 = Debug|Any CPU
		{58D1DD7A-F6CB-4C55-BD57-48CFD4AB4702}.Release|Any CPU.ActiveCfg = Release|Any CPU
		{58D1DD7A-F6CB-4C55-BD57-48CFD4AB4702}.Release|Any CPU.Build.0 = Release|Any CPU
		{14A34A05-BAA5-442D-85E9-00FA74F1169B}.Debug|Any CPU.ActiveCfg = Debug|Any CPU
		{14A34A05-BAA5-442D-85E9-00FA74F1169B}.Debug|Any CPU.Build.0 = Debug|Any CPU
		{14A34A05-BAA5-442D-85E9-00FA74F1169B}.Release|Any CPU.ActiveCfg = Release|Any CPU
		{14A34A05-BAA5-442D-85E9-00FA74F1169B}.Release|Any CPU.Build.0 = Release|Any CPU
		{1483369F-99C4-4B91-9120-213446AD5679}.Debug|Any CPU.ActiveCfg = Debug|Any CPU
		{1483369F-99C4-4B91-9120-213446AD5679}.Debug|Any CPU.Build.0 = Debug|Any CPU
		{1483369F-99C4-4B91-9120-213446AD5679}.Release|Any CPU.ActiveCfg = Release|Any CPU
		{1483369F-99C4-4B91-9120-213446AD5679}.Release|Any CPU.Build.0 = Release|Any CPU
		{C0BF3E63-43C2-4E93-81E0-E37FBE42BC3F}.Debug|Any CPU.ActiveCfg = Debug|Any CPU
		{C0BF3E63-43C2-4E93-81E0-E37FBE42BC3F}.Debug|Any CPU.Build.0 = Debug|Any CPU
		{C0BF3E63-43C2-4E93-81E0-E37FBE42BC3F}.Release|Any CPU.ActiveCfg = Release|Any CPU
		{C0BF3E63-43C2-4E93-81E0-E37FBE42BC3F}.Release|Any CPU.Build.0 = Release|Any CPU
		{FC890AF4-F014-435F-8521-271993A0691E}.Debug|Any CPU.ActiveCfg = Debug|Any CPU
		{FC890AF4-F014-435F-8521-271993A0691E}.Debug|Any CPU.Build.0 = Debug|Any CPU
		{FC890AF4-F014-435F-8521-271993A0691E}.Release|Any CPU.ActiveCfg = Release|Any CPU
		{FC890AF4-F014-435F-8521-271993A0691E}.Release|Any CPU.Build.0 = Release|Any CPU
		{622BF7AC-4045-491E-AB66-38919B4F4E7F}.Debug|Any CPU.ActiveCfg = Debug|Any CPU
		{622BF7AC-4045-491E-AB66-38919B4F4E7F}.Debug|Any CPU.Build.0 = Debug|Any CPU
		{622BF7AC-4045-491E-AB66-38919B4F4E7F}.Release|Any CPU.ActiveCfg = Release|Any CPU
		{622BF7AC-4045-491E-AB66-38919B4F4E7F}.Release|Any CPU.Build.0 = Release|Any CPU
		{7916E62A-A4F1-4EDE-95B9-3D9805278AF4}.Debug|Any CPU.ActiveCfg = Debug|Any CPU
		{7916E62A-A4F1-4EDE-95B9-3D9805278AF4}.Debug|Any CPU.Build.0 = Debug|Any CPU
		{7916E62A-A4F1-4EDE-95B9-3D9805278AF4}.Release|Any CPU.ActiveCfg = Release|Any CPU
		{7916E62A-A4F1-4EDE-95B9-3D9805278AF4}.Release|Any CPU.Build.0 = Release|Any CPU
		{3D16E578-EB4B-46AF-8775-DD06E1F08FE9}.Debug|Any CPU.ActiveCfg = Debug|Any CPU
		{3D16E578-EB4B-46AF-8775-DD06E1F08FE9}.Debug|Any CPU.Build.0 = Debug|Any CPU
		{3D16E578-EB4B-46AF-8775-DD06E1F08FE9}.Release|Any CPU.ActiveCfg = Release|Any CPU
		{3D16E578-EB4B-46AF-8775-DD06E1F08FE9}.Release|Any CPU.Build.0 = Release|Any CPU
		{0A459FB9-823B-4B73-A0B5-F3AB48F5287A}.Debug|Any CPU.ActiveCfg = Debug|Any CPU
		{0A459FB9-823B-4B73-A0B5-F3AB48F5287A}.Debug|Any CPU.Build.0 = Debug|Any CPU
		{0A459FB9-823B-4B73-A0B5-F3AB48F5287A}.Release|Any CPU.ActiveCfg = Release|Any CPU
		{0A459FB9-823B-4B73-A0B5-F3AB48F5287A}.Release|Any CPU.Build.0 = Release|Any CPU
		{0C73EC9A-C172-4042-B12F-AF6B45E97E5E}.Debug|Any CPU.ActiveCfg = Debug|Any CPU
		{0C73EC9A-C172-4042-B12F-AF6B45E97E5E}.Debug|Any CPU.Build.0 = Debug|Any CPU
		{0C73EC9A-C172-4042-B12F-AF6B45E97E5E}.Release|Any CPU.ActiveCfg = Release|Any CPU
		{0C73EC9A-C172-4042-B12F-AF6B45E97E5E}.Release|Any CPU.Build.0 = Release|Any CPU
	EndGlobalSection
	GlobalSection(SolutionProperties) = preSolution
		HideSolutionNode = FALSE
	EndGlobalSection
	GlobalSection(NestedProjects) = preSolution
		{0210EA98-EB8A-4868-AC59-B4DFC8FDDE11} = {7828D9F2-177C-4A7E-913A-B5DC8BE4B446}
		{BBFBABAC-9956-4062-A78F-A7C721FEB7EA} = {7828D9F2-177C-4A7E-913A-B5DC8BE4B446}
		{6B503A4C-B5EB-434A-9361-C80268F8E46A} = {7828D9F2-177C-4A7E-913A-B5DC8BE4B446}
		{36276FE1-FFAB-4444-9B18-22ED207A9945} = {7828D9F2-177C-4A7E-913A-B5DC8BE4B446}
		{E98FA99C-B56F-4C87-91D1-EF55A470B2BF} = {7828D9F2-177C-4A7E-913A-B5DC8BE4B446}
		{13D77FF9-85FE-48FA-88D9-6947A28EBD49} = {7828D9F2-177C-4A7E-913A-B5DC8BE4B446}
		{C179CA34-23F1-48E0-ADDE-86104AB5B8C7} = {7828D9F2-177C-4A7E-913A-B5DC8BE4B446}
		{348E9AD5-012F-4A94-B504-24027FE754D5} = {7828D9F2-177C-4A7E-913A-B5DC8BE4B446}
		{9559B7E7-2D5C-4CE4-A3ED-16775D056CD7} = {7828D9F2-177C-4A7E-913A-B5DC8BE4B446}
		{39947C42-FEE8-4302-AC03-1853E20DC333} = {7828D9F2-177C-4A7E-913A-B5DC8BE4B446}
		{8E80BC60-1DCF-402D-A060-3667AF1E84A2} = {7828D9F2-177C-4A7E-913A-B5DC8BE4B446}
		{A822D7F6-56B5-4EFA-8CAB-FDF2ED5E34EA} = {7828D9F2-177C-4A7E-913A-B5DC8BE4B446}
		{A1BED8EA-0006-468F-BFA2-E58EFA75C76A} = {7828D9F2-177C-4A7E-913A-B5DC8BE4B446}
		{7F77D695-125E-41BD-BF16-323BD1EEB473} = {7828D9F2-177C-4A7E-913A-B5DC8BE4B446}
		{2634C899-CFEE-453F-AA3B-0B86056F2F92} = {7828D9F2-177C-4A7E-913A-B5DC8BE4B446}
		{6FEA1EDA-1F0C-43DB-ABF8-6B1DF6E2F36D} = {172F649D-BDC0-4C63-B2B8-CB44F9FF9556}
		{89DC0ABD-1192-4988-A12D-65C58AABBBE6} = {172F649D-BDC0-4C63-B2B8-CB44F9FF9556}
		{F206AC43-18B3-4ECA-AA5F-ED7F1CF2DDA7} = {172F649D-BDC0-4C63-B2B8-CB44F9FF9556}
		{9A04F9B5-29FD-4905-A427-0621ACD144F9} = {172F649D-BDC0-4C63-B2B8-CB44F9FF9556}
		{6B21A5DB-1434-4ABC-8D81-0966E7630C20} = {172F649D-BDC0-4C63-B2B8-CB44F9FF9556}
		{5E33B1F2-F9F3-4800-827F-1FAB03261EC4} = {172F649D-BDC0-4C63-B2B8-CB44F9FF9556}
		{366782CE-095E-4457-A9E8-D07AA2A1DC2D} = {172F649D-BDC0-4C63-B2B8-CB44F9FF9556}
		{C67EA262-8ED9-48E6-A871-0F4CF125850E} = {172F649D-BDC0-4C63-B2B8-CB44F9FF9556}
		{C281B8E3-93B8-4888-ACE3-B7A5DADCD0A4} = {A6380B8E-21D4-4E99-9CBF-75E3420214E6}
		{9A947A5A-06B9-496E-9568-BF4BAAB70F4A} = {A6380B8E-21D4-4E99-9CBF-75E3420214E6}
		{9BD44598-527F-4F1D-819F-8F2451E3DE66} = {A6380B8E-21D4-4E99-9CBF-75E3420214E6}
		{7FFAA979-FC6C-495A-88F4-0441C2FA0655} = {A6380B8E-21D4-4E99-9CBF-75E3420214E6}
		{933CB960-D049-47EF-9545-7E4D4A0E25D8} = {A6380B8E-21D4-4E99-9CBF-75E3420214E6}
		{1461BEC1-B70A-45CD-AC5C-7778A6A54319} = {A6380B8E-21D4-4E99-9CBF-75E3420214E6}
		{415E551C-49A7-4634-83DF-6BB44E8B8DB8} = {A6380B8E-21D4-4E99-9CBF-75E3420214E6}
		{2517280F-71F1-40DE-BD93-F4C1DA06B3EB} = {E3E5919A-A4E5-4C23-BD16-2C7AE281BD9F}
		{741E4B3E-B6AA-4547-94F1-DFC7A1B74DE2} = {E3E5919A-A4E5-4C23-BD16-2C7AE281BD9F}
		{7F7B3E9B-C7BF-4284-ACED-E9375E67B689} = {E3E5919A-A4E5-4C23-BD16-2C7AE281BD9F}
		{5F6BA9BC-0D9F-430E-B17B-CDFFFE1D93F1} = {E3E5919A-A4E5-4C23-BD16-2C7AE281BD9F}
		{0FBEE9D8-28B4-423B-91B7-0F57C46D96CB} = {E3E5919A-A4E5-4C23-BD16-2C7AE281BD9F}
		{FD7C0824-4215-4A1F-8F8A-5908C046FD15} = {E3E5919A-A4E5-4C23-BD16-2C7AE281BD9F}
		{1DC1C8B1-26C5-4C3C-AE56-4937517B9384} = {B73B3372-7799-42D1-B622-DDF07CEA4604}
		{B7725A5E-0046-4625-8235-671E4B0950DA} = {B73B3372-7799-42D1-B622-DDF07CEA4604}
		{0B9636AD-8FE8-45A2-88D7-58894C991AD8} = {B73B3372-7799-42D1-B622-DDF07CEA4604}
		{16631CEE-2495-41BB-BED5-C7112266F626} = {B73B3372-7799-42D1-B622-DDF07CEA4604}
		{2A7BB86D-FADA-484F-AF95-A60C75D7A050} = {B73B3372-7799-42D1-B622-DDF07CEA4604}
		{9919E297-CB5F-4FD2-9E50-3458C1A4524D} = {B73B3372-7799-42D1-B622-DDF07CEA4604}
		{D860A0B7-0CA2-4F89-BFCF-966DDED7955D} = {B73B3372-7799-42D1-B622-DDF07CEA4604}
		{98504B29-1D96-4F4F-91B2-AED220CA08DE} = {B73B3372-7799-42D1-B622-DDF07CEA4604}
		{280A94AA-E0E1-4236-8454-BC6423F883AF} = {B73B3372-7799-42D1-B622-DDF07CEA4604}
		{DA59CC3B-5F7F-40FA-B521-2940378DA79A} = {B73B3372-7799-42D1-B622-DDF07CEA4604}
		{C9081BC3-C7C4-43A2-AF40-6537D86DF5CB} = {B73B3372-7799-42D1-B622-DDF07CEA4604}
		{40ACF147-ACD8-42DE-A33C-9C8CCEB5B74A} = {B73B3372-7799-42D1-B622-DDF07CEA4604}
		{6A4CC6DB-8CAA-4C14-AD96-CFDC79E7B7EA} = {6F43F984-AB96-4CA4-8EC4-370FB9A2BDD5}
		{C33B8DF9-7DB1-409F-A154-2523A873FD33} = {6F43F984-AB96-4CA4-8EC4-370FB9A2BDD5}
		{D5F53EF6-2DA6-4798-A54A-A9A7D3F433B3} = {6F43F984-AB96-4CA4-8EC4-370FB9A2BDD5}
		{38F5F4F0-0129-48B0-A8A9-B74030338055} = {6F43F984-AB96-4CA4-8EC4-370FB9A2BDD5}
		{AA023E81-411D-4FF8-BFB9-72D0EA7D4CA2} = {6F43F984-AB96-4CA4-8EC4-370FB9A2BDD5}
		{623D3D06-AB3D-4AA8-A1C0-AFE01A44E87D} = {6F43F984-AB96-4CA4-8EC4-370FB9A2BDD5}
		{8C2A798B-0ABD-4BBB-8812-F3759B0729DE} = {E0350E00-3B16-4C7F-A043-FE4911DC7A5B}
		{AF98AA18-4852-49BF-A04E-86218521530A} = {FA0540C9-D057-42FB-BC78-D8837532455E}
		{798DA73A-967E-4975-9C33-67A010A8FD09} = {FA0540C9-D057-42FB-BC78-D8837532455E}
		{EF819C75-B36E-41DD-A96F-1788FF40F626} = {FA0540C9-D057-42FB-BC78-D8837532455E}
		{A8C17857-A6E2-41E9-9DD4-853B3DE59A44} = {FA0540C9-D057-42FB-BC78-D8837532455E}
		{A02C6731-C058-436E-AFE6-D2EBDE57204E} = {FA0540C9-D057-42FB-BC78-D8837532455E}
		{A7601CB7-66AD-4A51-A8A1-3C63330BB783} = {FA0540C9-D057-42FB-BC78-D8837532455E}
		{52F5C98E-9DE7-4C85-A19B-8FA7714F56B6} = {FA0540C9-D057-42FB-BC78-D8837532455E}
		{9B1AC3DA-A1E2-4ABD-A561-FBBEC3B98A77} = {FA0540C9-D057-42FB-BC78-D8837532455E}
		{F4AC4258-4B68-4237-AA1D-75653F426B90} = {FA0540C9-D057-42FB-BC78-D8837532455E}
		{1D9A1F97-03C9-439E-9235-D9EF09AF9228} = {FA0540C9-D057-42FB-BC78-D8837532455E}
		{2C3E8A8C-E082-4BDD-909D-3872F998F3C3} = {FA0540C9-D057-42FB-BC78-D8837532455E}
		{3BB9C561-8947-4A99-BFFA-379F3F110CDC} = {FA0540C9-D057-42FB-BC78-D8837532455E}
		{A84583C6-3318-4AEA-9118-5179A64B65BC} = {FA0540C9-D057-42FB-BC78-D8837532455E}
		{68ED2242-4732-4E82-AE70-7D0C32DBE36F} = {FA0540C9-D057-42FB-BC78-D8837532455E}
		{98686C07-D75D-44CB-9334-4758EAB3C67A} = {FA0540C9-D057-42FB-BC78-D8837532455E}
		{D8F85C24-72E1-40D4-9703-C8F7A91E1E72} = {44554A65-210C-49DC-9A45-EBC595258DC3}
		{D48DC4C8-510B-489C-82A6-CDAB8D630C88} = {44554A65-210C-49DC-9A45-EBC595258DC3}
		{87F16BFA-B0B5-4977-B5F0-942AE0E0FE79} = {44554A65-210C-49DC-9A45-EBC595258DC3}
		{5250BB52-BEFD-43A8-A289-5C7CC1708EA2} = {44554A65-210C-49DC-9A45-EBC595258DC3}
		{5CCEF4D4-DA30-47C8-B940-9ED9E3F245F9} = {44554A65-210C-49DC-9A45-EBC595258DC3}
		{8E3D9481-BE47-450B-A986-E71FE487B21A} = {44554A65-210C-49DC-9A45-EBC595258DC3}
		{619A18FE-11BD-47DD-BBAD-CDED95D5EE0C} = {44554A65-210C-49DC-9A45-EBC595258DC3}
		{A9B8D540-5D1D-42A8-92CA-1900F144B29A} = {44554A65-210C-49DC-9A45-EBC595258DC3}
		{90BB0739-BF28-4A75-8C16-49DB71F22B71} = {44554A65-210C-49DC-9A45-EBC595258DC3}
		{95D78722-67DD-43C3-8F13-9BEDC4608276} = {44554A65-210C-49DC-9A45-EBC595258DC3}
		{5B33943E-A25E-4618-B643-25E1A11CFCF9} = {44554A65-210C-49DC-9A45-EBC595258DC3}
		{EB100EC4-2EFF-4DF7-A7FC-658337C34EC0} = {B6BC3419-3697-49F4-9556-BCCDD6400CB6}
		{1E09FDF7-E875-42F4-9DD3-81902B3CE998} = {44554A65-210C-49DC-9A45-EBC595258DC3}
		{169699A8-9948-4E5C-A819-866D47BCF0C8} = {B6BC3419-3697-49F4-9556-BCCDD6400CB6}
		{02BD2904-B1C5-470A-9ED4-11DABDD698A7} = {B6BC3419-3697-49F4-9556-BCCDD6400CB6}
		{9A9D1B22-62C4-457D-956E-0CCF300427F1} = {B6BC3419-3697-49F4-9556-BCCDD6400CB6}
		{C4758DD1-C65D-4007-9AF6-9A35E178AFB5} = {B6BC3419-3697-49F4-9556-BCCDD6400CB6}
		{E81DE090-6267-4DC4-87F0-2A644ACBCFF8} = {B6BC3419-3697-49F4-9556-BCCDD6400CB6}
		{962FFAFA-2635-4CEC-921C-450ECAA77E76} = {B6BC3419-3697-49F4-9556-BCCDD6400CB6}
		{E7B4BDF5-68CA-4AB4-A134-0B85EC9122BA} = {B6BC3419-3697-49F4-9556-BCCDD6400CB6}
		{F7401D2E-549C-4476-AB85-DD1886B91624} = {B6BC3419-3697-49F4-9556-BCCDD6400CB6}
		{A10BC71F-BB75-4998-B923-59547E15E3FF} = {B6BC3419-3697-49F4-9556-BCCDD6400CB6}
		{98CFABC5-034D-4FC7-A620-641129D61A5F} = {8513891B-3145-4458-B754-206E8B253EFB}
		{CC72929D-7D7F-4126-A7BB-C4CF6BC6DF1A} = {8513891B-3145-4458-B754-206E8B253EFB}
		{5FF1B95D-BC94-49D6-A651-5B3C96B07C84} = {8513891B-3145-4458-B754-206E8B253EFB}
		{55D22C24-4BB1-4F57-9022-7C4AE45DB1C6} = {8513891B-3145-4458-B754-206E8B253EFB}
		{86EF21BD-B4A1-42F7-9358-7337C2992BE2} = {8513891B-3145-4458-B754-206E8B253EFB}
		{0FA6619D-7EA8-46AF-A535-3F87003AA4BA} = {8513891B-3145-4458-B754-206E8B253EFB}
		{A6C30873-5777-4925-B7BE-8A4A5C46E2A8} = {8513891B-3145-4458-B754-206E8B253EFB}
		{0166E2B2-EF06-439C-B608-C5A96CCF19FC} = {8513891B-3145-4458-B754-206E8B253EFB}
		{C23AC34E-8D47-454C-82B6-CECB937F9EB8} = {8513891B-3145-4458-B754-206E8B253EFB}
		{26A062E1-02E4-434B-A598-B694CF2BA26E} = {8513891B-3145-4458-B754-206E8B253EFB}
		{463FF0B8-CCC5-4A57-AB7E-9FA167D7978F} = {8513891B-3145-4458-B754-206E8B253EFB}
		{D002DC48-D459-45A4-91F5-17F8B5FB9302} = {8513891B-3145-4458-B754-206E8B253EFB}
		{DBDC8443-175A-4E40-A4AA-5664D2A2C766} = {8513891B-3145-4458-B754-206E8B253EFB}
		{4513D395-475C-4939-BEBD-3B8CF9648724} = {8513891B-3145-4458-B754-206E8B253EFB}
		{94E3B3B2-61EC-44B8-A5DE-D1B15B974C1E} = {8513891B-3145-4458-B754-206E8B253EFB}
		{7996D452-2F37-4D52-AEFB-C98DFAC259C1} = {8513891B-3145-4458-B754-206E8B253EFB}
		{2D4E467D-A905-4D4A-8DAE-52998B03952B} = {8513891B-3145-4458-B754-206E8B253EFB}
		{A034D72C-B9D9-4220-AB1B-95AEBB478E6F} = {8513891B-3145-4458-B754-206E8B253EFB}
		{0B5DA778-E324-422B-BAA6-7C3F1A46FEA2} = {8513891B-3145-4458-B754-206E8B253EFB}
		{0F67EDE2-C70C-4F78-8988-C294FC820344} = {8513891B-3145-4458-B754-206E8B253EFB}
		{CFCD8298-0FAE-4405-8E75-D8AA743D727D} = {8513891B-3145-4458-B754-206E8B253EFB}
		{6A785D48-39F6-4EAE-A8AE-D21E6E7C48E2} = {8513891B-3145-4458-B754-206E8B253EFB}
		{BC3D5B31-C6BB-42AE-A0ED-D148286C9142} = {8513891B-3145-4458-B754-206E8B253EFB}
		{172F9B82-F1A9-4415-B5F9-A8EAEA7D7666} = {8513891B-3145-4458-B754-206E8B253EFB}
		{AAF5C332-DC8E-4846-B98C-03A1DA052F11} = {8513891B-3145-4458-B754-206E8B253EFB}
		{8C08CCD8-4EC6-4447-B959-02511F119F6E} = {8513891B-3145-4458-B754-206E8B253EFB}
		{95EDE61B-C210-42F9-A026-7D6F6B5E7D35} = {8C08CCD8-4EC6-4447-B959-02511F119F6E}
		{722B1750-7FA4-47B1-8E53-62C072B845B5} = {8C08CCD8-4EC6-4447-B959-02511F119F6E}
		{58D1DD7A-F6CB-4C55-BD57-48CFD4AB4702} = {8C08CCD8-4EC6-4447-B959-02511F119F6E}
		{14A34A05-BAA5-442D-85E9-00FA74F1169B} = {8C08CCD8-4EC6-4447-B959-02511F119F6E}
		{1483369F-99C4-4B91-9120-213446AD5679} = {8513891B-3145-4458-B754-206E8B253EFB}
		{C0BF3E63-43C2-4E93-81E0-E37FBE42BC3F} = {8513891B-3145-4458-B754-206E8B253EFB}
		{FC890AF4-F014-435F-8521-271993A0691E} = {8513891B-3145-4458-B754-206E8B253EFB}
		{622BF7AC-4045-491E-AB66-38919B4F4E7F} = {8513891B-3145-4458-B754-206E8B253EFB}
		{7916E62A-A4F1-4EDE-95B9-3D9805278AF4} = {8513891B-3145-4458-B754-206E8B253EFB}
		{3D16E578-EB4B-46AF-8775-DD06E1F08FE9} = {8513891B-3145-4458-B754-206E8B253EFB}
		{0A459FB9-823B-4B73-A0B5-F3AB48F5287A} = {8513891B-3145-4458-B754-206E8B253EFB}
		{0C73EC9A-C172-4042-B12F-AF6B45E97E5E} = {8513891B-3145-4458-B754-206E8B253EFB}
	EndGlobalSection
EndGlobal
